// !$*UTF8*$!
{
	archiveVersion = 1;
	classes = {
	};
	objectVersion = 46;
	objects = {

/* Begin PBXBuildFile section */
		9901A3EE1F739136002ADD8D /* ImGuiWindow.swift in Sources */ = {isa = PBXBuildFile; fileRef = 999ECC751EC6B423009C3E39 /* ImGuiWindow.swift */; };
		994920B4211263B700D206BB /* AppDelegate.swift in Sources */ = {isa = PBXBuildFile; fileRef = 994920B3211263B700D206BB /* AppDelegate.swift */; };
		994920B6211263B700D206BB /* ViewController.swift in Sources */ = {isa = PBXBuildFile; fileRef = 994920B5211263B700D206BB /* ViewController.swift */; };
		994920B9211263B700D206BB /* Main.storyboard in Resources */ = {isa = PBXBuildFile; fileRef = 994920B7211263B700D206BB /* Main.storyboard */; };
		994920BB211263BA00D206BB /* Assets.xcassets in Resources */ = {isa = PBXBuildFile; fileRef = 994920BA211263BA00D206BB /* Assets.xcassets */; };
		994920BE211263BA00D206BB /* LaunchScreen.storyboard in Resources */ = {isa = PBXBuildFile; fileRef = 994920BC211263BA00D206BB /* LaunchScreen.storyboard */; };
		994920C52112647700D206BB /* ImGui.framework in Frameworks */ = {isa = PBXBuildFile; fileRef = 999ECC2D1EC6B0F6009C3E39 /* ImGui.framework */; };
		994920C62112647700D206BB /* ImGui.framework in Embed Frameworks */ = {isa = PBXBuildFile; fileRef = 999ECC2D1EC6B0F6009C3E39 /* ImGui.framework */; settings = {ATTRIBUTES = (CodeSignOnCopy, RemoveHeadersOnCopy, ); }; };
		996520511FF380D7008E9CDC /* AppDelegate.swift in Sources */ = {isa = PBXBuildFile; fileRef = 996520501FF380D7008E9CDC /* AppDelegate.swift */; };
		996520531FF380D7008E9CDC /* art.scnassets in Resources */ = {isa = PBXBuildFile; fileRef = 996520521FF380D7008E9CDC /* art.scnassets */; };
		996520551FF380D7008E9CDC /* GameViewController.swift in Sources */ = {isa = PBXBuildFile; fileRef = 996520541FF380D7008E9CDC /* GameViewController.swift */; };
		996520581FF380D7008E9CDC /* Main.storyboard in Resources */ = {isa = PBXBuildFile; fileRef = 996520561FF380D7008E9CDC /* Main.storyboard */; };
		9965205A1FF380D7008E9CDC /* Assets.xcassets in Resources */ = {isa = PBXBuildFile; fileRef = 996520591FF380D7008E9CDC /* Assets.xcassets */; };
		9965205D1FF380D7008E9CDC /* LaunchScreen.storyboard in Resources */ = {isa = PBXBuildFile; fileRef = 9965205B1FF380D7008E9CDC /* LaunchScreen.storyboard */; };
		996520641FF380F9008E9CDC /* ImGui.framework in Frameworks */ = {isa = PBXBuildFile; fileRef = 999ECC2D1EC6B0F6009C3E39 /* ImGui.framework */; };
		996520651FF380F9008E9CDC /* ImGui.framework in Embed Frameworks */ = {isa = PBXBuildFile; fileRef = 999ECC2D1EC6B0F6009C3E39 /* ImGui.framework */; settings = {ATTRIBUTES = (CodeSignOnCopy, RemoveHeadersOnCopy, ); }; };
		996520671FF3866D008E9CDC /* SFMono-Regular.ttf in Resources */ = {isa = PBXBuildFile; fileRef = 998E21461EC7EE400032272F /* SFMono-Regular.ttf */; };
		996E56281FF9C82D0036344C /* ImGuiSceneViewController.swift in Sources */ = {isa = PBXBuildFile; fileRef = 996E56271FF9C82D0036344C /* ImGuiSceneViewController.swift */; };
		996E56291FF9C84A0036344C /* ImGuiSceneViewController.swift in Sources */ = {isa = PBXBuildFile; fileRef = 996E56271FF9C82D0036344C /* ImGuiSceneViewController.swift */; };
		997E13C71EC6C00500BB38AF /* SpriteKit.framework in Frameworks */ = {isa = PBXBuildFile; fileRef = 997E13C51EC6BFDA00BB38AF /* SpriteKit.framework */; };
		997E13CB1EC7713A00BB38AF /* ImGui.framework in Frameworks */ = {isa = PBXBuildFile; fileRef = 999ECC2D1EC6B0F6009C3E39 /* ImGui.framework */; };
		997E13CC1EC7713A00BB38AF /* ImGui.framework in Embed Frameworks */ = {isa = PBXBuildFile; fileRef = 999ECC2D1EC6B0F6009C3E39 /* ImGui.framework */; settings = {ATTRIBUTES = (CodeSignOnCopy, RemoveHeadersOnCopy, ); }; };
		997E13D01EC7844200BB38AF /* ImGui.swift in Sources */ = {isa = PBXBuildFile; fileRef = 997E13CE1EC7831000BB38AF /* ImGui.swift */; };
		997E13D41EC7867500BB38AF /* ImGuiViewControllerProtocol.swift in Sources */ = {isa = PBXBuildFile; fileRef = 997E13D21EC7865A00BB38AF /* ImGuiViewControllerProtocol.swift */; };
		997E13DC1EC788FF00BB38AF /* AppDelegate.swift in Sources */ = {isa = PBXBuildFile; fileRef = 997E13DB1EC788FF00BB38AF /* AppDelegate.swift */; };
		997E13DE1EC788FF00BB38AF /* ViewController.swift in Sources */ = {isa = PBXBuildFile; fileRef = 997E13DD1EC788FF00BB38AF /* ViewController.swift */; };
		997E13E01EC788FF00BB38AF /* Assets.xcassets in Resources */ = {isa = PBXBuildFile; fileRef = 997E13DF1EC788FF00BB38AF /* Assets.xcassets */; };
		997E13E31EC788FF00BB38AF /* Main.storyboard in Resources */ = {isa = PBXBuildFile; fileRef = 997E13E11EC788FF00BB38AF /* Main.storyboard */; };
		997E13F41EC7893400BB38AF /* ImGui.framework in Frameworks */ = {isa = PBXBuildFile; fileRef = 997E13ED1EC7893400BB38AF /* ImGui.framework */; };
		997E13F51EC7893400BB38AF /* ImGui.framework in Embed Frameworks */ = {isa = PBXBuildFile; fileRef = 997E13ED1EC7893400BB38AF /* ImGui.framework */; settings = {ATTRIBUTES = (CodeSignOnCopy, RemoveHeadersOnCopy, ); }; };
		997E14051EC789EC00BB38AF /* imgui_demo.cpp in Sources */ = {isa = PBXBuildFile; fileRef = 999ECDAE1EC6BC71009C3E39 /* imgui_demo.cpp */; };
		997E14061EC789EC00BB38AF /* imgui_draw.cpp in Sources */ = {isa = PBXBuildFile; fileRef = 999ECDAF1EC6BC71009C3E39 /* imgui_draw.cpp */; };
		997E14071EC789EC00BB38AF /* imgui.cpp in Sources */ = {isa = PBXBuildFile; fileRef = 999ECDB11EC6BC71009C3E39 /* imgui.cpp */; };
		997E14081EC789EC00BB38AF /* ImGuiViewControllerProtocol.swift in Sources */ = {isa = PBXBuildFile; fileRef = 997E13D21EC7865A00BB38AF /* ImGuiViewControllerProtocol.swift */; };
		997E14091EC789EC00BB38AF /* Aliases.swift in Sources */ = {isa = PBXBuildFile; fileRef = 999ECC6A1EC6B423009C3E39 /* Aliases.swift */; };
		997E140A1EC789EC00BB38AF /* ImGuiBase.swift in Sources */ = {isa = PBXBuildFile; fileRef = 999ECC6B1EC6B423009C3E39 /* ImGuiBase.swift */; };
		997E140B1EC789EC00BB38AF /* ImGuiEnums.swift in Sources */ = {isa = PBXBuildFile; fileRef = 999ECC6C1EC6B423009C3E39 /* ImGuiEnums.swift */; };
		997E140C1EC789EC00BB38AF /* ImGuiIOBridge.m in Sources */ = {isa = PBXBuildFile; fileRef = 999ECC6E1EC6B423009C3E39 /* ImGuiIOBridge.m */; };
		997E140D1EC789EC00BB38AF /* ImGuiStyleBridge.m in Sources */ = {isa = PBXBuildFile; fileRef = 999ECC711EC6B423009C3E39 /* ImGuiStyleBridge.m */; };
		997E140E1EC789EC00BB38AF /* ImGuiUtils.cpp in Sources */ = {isa = PBXBuildFile; fileRef = 999ECC721EC6B423009C3E39 /* ImGuiUtils.cpp */; };
		997E140F1EC789EC00BB38AF /* ImGuiViewController.swift in Sources */ = {isa = PBXBuildFile; fileRef = 999ECC741EC6B423009C3E39 /* ImGuiViewController.swift */; };
		997E14111EC789EC00BB38AF /* ImGuiWrapperBase.mm in Sources */ = {isa = PBXBuildFile; fileRef = 999ECC771EC6B423009C3E39 /* ImGuiWrapperBase.mm */; };
		997E14121EC789EC00BB38AF /* InputTextButton.swift in Sources */ = {isa = PBXBuildFile; fileRef = 999ECC781EC6B423009C3E39 /* InputTextButton.swift */; };
		997E14131EC789EC00BB38AF /* ImGuiMetal.swift in Sources */ = {isa = PBXBuildFile; fileRef = 999ECC7A1EC6B423009C3E39 /* ImGuiMetal.swift */; };
		997E14141EC789EC00BB38AF /* ImGuiMTKViewController.swift in Sources */ = {isa = PBXBuildFile; fileRef = 999ECC7B1EC6B423009C3E39 /* ImGuiMTKViewController.swift */; };
		997E14151EC789EC00BB38AF /* ImGuiWrapperMetal.mm in Sources */ = {isa = PBXBuildFile; fileRef = 999ECC7D1EC6B423009C3E39 /* ImGuiWrapperMetal.mm */; };
		997E14191EC789EC00BB38AF /* ImGui.swift in Sources */ = {isa = PBXBuildFile; fileRef = 997E13CE1EC7831000BB38AF /* ImGui.swift */; };
		997E141A1EC789EC00BB38AF /* uSynergy.c in Sources */ = {isa = PBXBuildFile; fileRef = 999ECC651EC6B41C009C3E39 /* uSynergy.c */; };
		998E21101EC78A7A0032272F /* ImGuiIOBridge.h in Headers */ = {isa = PBXBuildFile; fileRef = 999ECC6D1EC6B423009C3E39 /* ImGuiIOBridge.h */; settings = {ATTRIBUTES = (Public, ); }; };
		998E21111EC78A7A0032272F /* ImGuiKeyMapping.h in Headers */ = {isa = PBXBuildFile; fileRef = 999ECC6F1EC6B423009C3E39 /* ImGuiKeyMapping.h */; settings = {ATTRIBUTES = (Public, ); }; };
		998E21121EC78A7A0032272F /* ImGuiStyleBridge.h in Headers */ = {isa = PBXBuildFile; fileRef = 999ECC701EC6B423009C3E39 /* ImGuiStyleBridge.h */; settings = {ATTRIBUTES = (Public, ); }; };
		998E21131EC78A7A0032272F /* ImGuiUtils.h in Headers */ = {isa = PBXBuildFile; fileRef = 999ECC731EC6B423009C3E39 /* ImGuiUtils.h */; settings = {ATTRIBUTES = (Public, ); }; };
		998E21141EC78A7A0032272F /* ImGuiWrapperBase.h in Headers */ = {isa = PBXBuildFile; fileRef = 999ECC761EC6B423009C3E39 /* ImGuiWrapperBase.h */; settings = {ATTRIBUTES = (Public, ); }; };
		998E21151EC78A7A0032272F /* ImGuiWrapperMetal.h in Headers */ = {isa = PBXBuildFile; fileRef = 999ECC7C1EC6B423009C3E39 /* ImGuiWrapperMetal.h */; settings = {ATTRIBUTES = (Public, ); }; };
		998E21161EC78A7A0032272F /* ImGuiWrapperOpenGLES2.h in Headers */ = {isa = PBXBuildFile; fileRef = 999ECC811EC6B423009C3E39 /* ImGuiWrapperOpenGLES2.h */; settings = {ATTRIBUTES = (Public, ); }; };
		998E21171EC78A7A0032272F /* ImGui.h in Headers */ = {isa = PBXBuildFile; fileRef = 999ECC301EC6B0F6009C3E39 /* ImGui.h */; settings = {ATTRIBUTES = (Public, ); }; };
		998E21181EC78A8C0032272F /* imconfig.h in Headers */ = {isa = PBXBuildFile; fileRef = 999ECDAD1EC6BC71009C3E39 /* imconfig.h */; };
		998E21191EC78A8C0032272F /* imgui_internal.h in Headers */ = {isa = PBXBuildFile; fileRef = 999ECDB01EC6BC71009C3E39 /* imgui_internal.h */; };
		998E211A1EC78A8C0032272F /* imgui.h in Headers */ = {isa = PBXBuildFile; fileRef = 999ECDB21EC6BC71009C3E39 /* imgui.h */; };
		998E211B1EC78A8C0032272F /* stb_rect_pack.h in Headers */ = {isa = PBXBuildFile; fileRef = 999ECDB31EC6BC71009C3E39 /* stb_rect_pack.h */; };
		998E211C1EC78A8C0032272F /* stb_textedit.h in Headers */ = {isa = PBXBuildFile; fileRef = 999ECDB41EC6BC71009C3E39 /* stb_textedit.h */; };
		998E211D1EC78A8C0032272F /* stb_truetype.h in Headers */ = {isa = PBXBuildFile; fileRef = 999ECDB51EC6BC71009C3E39 /* stb_truetype.h */; };
		998E211E1EC78A8C0032272F /* uSynergy.h in Headers */ = {isa = PBXBuildFile; fileRef = 999ECC661EC6B41C009C3E39 /* uSynergy.h */; };
		998E21471EC7EE400032272F /* SFMono-Regular.ttf in Resources */ = {isa = PBXBuildFile; fileRef = 998E21461EC7EE400032272F /* SFMono-Regular.ttf */; };
		999ECC321EC6B0F6009C3E39 /* ImGui.h in Headers */ = {isa = PBXBuildFile; fileRef = 999ECC301EC6B0F6009C3E39 /* ImGui.h */; settings = {ATTRIBUTES = (Public, ); }; };
		999ECC531EC6B337009C3E39 /* AppDelegate.swift in Sources */ = {isa = PBXBuildFile; fileRef = 999ECC521EC6B337009C3E39 /* AppDelegate.swift */; };
		999ECC551EC6B337009C3E39 /* ViewController.swift in Sources */ = {isa = PBXBuildFile; fileRef = 999ECC541EC6B337009C3E39 /* ViewController.swift */; };
		999ECC581EC6B337009C3E39 /* Main.storyboard in Resources */ = {isa = PBXBuildFile; fileRef = 999ECC561EC6B337009C3E39 /* Main.storyboard */; };
		999ECC5A1EC6B337009C3E39 /* Assets.xcassets in Resources */ = {isa = PBXBuildFile; fileRef = 999ECC591EC6B337009C3E39 /* Assets.xcassets */; };
		999ECC5D1EC6B337009C3E39 /* LaunchScreen.storyboard in Resources */ = {isa = PBXBuildFile; fileRef = 999ECC5B1EC6B337009C3E39 /* LaunchScreen.storyboard */; };
		999ECC671EC6B41C009C3E39 /* uSynergy.c in Sources */ = {isa = PBXBuildFile; fileRef = 999ECC651EC6B41C009C3E39 /* uSynergy.c */; };
		999ECC681EC6B41C009C3E39 /* uSynergy.h in Headers */ = {isa = PBXBuildFile; fileRef = 999ECC661EC6B41C009C3E39 /* uSynergy.h */; };
		999ECC831EC6B423009C3E39 /* Aliases.swift in Sources */ = {isa = PBXBuildFile; fileRef = 999ECC6A1EC6B423009C3E39 /* Aliases.swift */; };
		999ECC841EC6B423009C3E39 /* ImGuiBase.swift in Sources */ = {isa = PBXBuildFile; fileRef = 999ECC6B1EC6B423009C3E39 /* ImGuiBase.swift */; };
		999ECC851EC6B423009C3E39 /* ImGuiEnums.swift in Sources */ = {isa = PBXBuildFile; fileRef = 999ECC6C1EC6B423009C3E39 /* ImGuiEnums.swift */; };
		999ECC861EC6B423009C3E39 /* ImGuiIOBridge.h in Headers */ = {isa = PBXBuildFile; fileRef = 999ECC6D1EC6B423009C3E39 /* ImGuiIOBridge.h */; settings = {ATTRIBUTES = (Public, ); }; };
		999ECC871EC6B423009C3E39 /* ImGuiIOBridge.m in Sources */ = {isa = PBXBuildFile; fileRef = 999ECC6E1EC6B423009C3E39 /* ImGuiIOBridge.m */; };
		999ECC881EC6B423009C3E39 /* ImGuiKeyMapping.h in Headers */ = {isa = PBXBuildFile; fileRef = 999ECC6F1EC6B423009C3E39 /* ImGuiKeyMapping.h */; settings = {ATTRIBUTES = (Public, ); }; };
		999ECC891EC6B423009C3E39 /* ImGuiStyleBridge.h in Headers */ = {isa = PBXBuildFile; fileRef = 999ECC701EC6B423009C3E39 /* ImGuiStyleBridge.h */; settings = {ATTRIBUTES = (Public, ); }; };
		999ECC8A1EC6B423009C3E39 /* ImGuiStyleBridge.m in Sources */ = {isa = PBXBuildFile; fileRef = 999ECC711EC6B423009C3E39 /* ImGuiStyleBridge.m */; };
		999ECC8B1EC6B423009C3E39 /* ImGuiUtils.cpp in Sources */ = {isa = PBXBuildFile; fileRef = 999ECC721EC6B423009C3E39 /* ImGuiUtils.cpp */; };
		999ECC8D1EC6B423009C3E39 /* ImGuiViewController.swift in Sources */ = {isa = PBXBuildFile; fileRef = 999ECC741EC6B423009C3E39 /* ImGuiViewController.swift */; };
		999ECC8F1EC6B423009C3E39 /* ImGuiWrapperBase.h in Headers */ = {isa = PBXBuildFile; fileRef = 999ECC761EC6B423009C3E39 /* ImGuiWrapperBase.h */; settings = {ATTRIBUTES = (Public, ); }; };
		999ECC901EC6B423009C3E39 /* ImGuiWrapperBase.mm in Sources */ = {isa = PBXBuildFile; fileRef = 999ECC771EC6B423009C3E39 /* ImGuiWrapperBase.mm */; };
		999ECC911EC6B423009C3E39 /* InputTextButton.swift in Sources */ = {isa = PBXBuildFile; fileRef = 999ECC781EC6B423009C3E39 /* InputTextButton.swift */; };
		999ECC921EC6B423009C3E39 /* ImGuiMetal.swift in Sources */ = {isa = PBXBuildFile; fileRef = 999ECC7A1EC6B423009C3E39 /* ImGuiMetal.swift */; };
		999ECC931EC6B423009C3E39 /* ImGuiMTKViewController.swift in Sources */ = {isa = PBXBuildFile; fileRef = 999ECC7B1EC6B423009C3E39 /* ImGuiMTKViewController.swift */; };
		999ECC941EC6B423009C3E39 /* ImGuiWrapperMetal.h in Headers */ = {isa = PBXBuildFile; fileRef = 999ECC7C1EC6B423009C3E39 /* ImGuiWrapperMetal.h */; settings = {ATTRIBUTES = (Public, ); }; };
		999ECC951EC6B423009C3E39 /* ImGuiWrapperMetal.mm in Sources */ = {isa = PBXBuildFile; fileRef = 999ECC7D1EC6B423009C3E39 /* ImGuiWrapperMetal.mm */; };
		999ECC961EC6B423009C3E39 /* ImGuiGLKViewController.swift in Sources */ = {isa = PBXBuildFile; fileRef = 999ECC7F1EC6B423009C3E39 /* ImGuiGLKViewController.swift */; };
		999ECC971EC6B423009C3E39 /* ImGuiOpenGL.swift in Sources */ = {isa = PBXBuildFile; fileRef = 999ECC801EC6B423009C3E39 /* ImGuiOpenGL.swift */; };
		999ECC981EC6B423009C3E39 /* ImGuiWrapperOpenGLES2.h in Headers */ = {isa = PBXBuildFile; fileRef = 999ECC811EC6B423009C3E39 /* ImGuiWrapperOpenGLES2.h */; settings = {ATTRIBUTES = (Public, ); }; };
		999ECC991EC6B423009C3E39 /* ImGuiWrapperOpenGLES2.mm in Sources */ = {isa = PBXBuildFile; fileRef = 999ECC821EC6B423009C3E39 /* ImGuiWrapperOpenGLES2.mm */; };
		999ECDB61EC6BC71009C3E39 /* imconfig.h in Headers */ = {isa = PBXBuildFile; fileRef = 999ECDAD1EC6BC71009C3E39 /* imconfig.h */; };
		999ECDB71EC6BC71009C3E39 /* imgui_demo.cpp in Sources */ = {isa = PBXBuildFile; fileRef = 999ECDAE1EC6BC71009C3E39 /* imgui_demo.cpp */; };
		999ECDB81EC6BC71009C3E39 /* imgui_draw.cpp in Sources */ = {isa = PBXBuildFile; fileRef = 999ECDAF1EC6BC71009C3E39 /* imgui_draw.cpp */; };
		999ECDB91EC6BC71009C3E39 /* imgui_internal.h in Headers */ = {isa = PBXBuildFile; fileRef = 999ECDB01EC6BC71009C3E39 /* imgui_internal.h */; };
		999ECDBA1EC6BC71009C3E39 /* imgui.cpp in Sources */ = {isa = PBXBuildFile; fileRef = 999ECDB11EC6BC71009C3E39 /* imgui.cpp */; };
		999ECDBB1EC6BC71009C3E39 /* imgui.h in Headers */ = {isa = PBXBuildFile; fileRef = 999ECDB21EC6BC71009C3E39 /* imgui.h */; };
		999ECDBC1EC6BC71009C3E39 /* stb_rect_pack.h in Headers */ = {isa = PBXBuildFile; fileRef = 999ECDB31EC6BC71009C3E39 /* stb_rect_pack.h */; };
		999ECDBD1EC6BC71009C3E39 /* stb_textedit.h in Headers */ = {isa = PBXBuildFile; fileRef = 999ECDB41EC6BC71009C3E39 /* stb_textedit.h */; };
		999ECDBE1EC6BC71009C3E39 /* stb_truetype.h in Headers */ = {isa = PBXBuildFile; fileRef = 999ECDB51EC6BC71009C3E39 /* stb_truetype.h */; };
/* End PBXBuildFile section */

/* Begin PBXContainerItemProxy section */
		994920C32112646C00D206BB /* PBXContainerItemProxy */ = {
			isa = PBXContainerItemProxy;
			containerPortal = 999ECC241EC6B0F6009C3E39 /* Project object */;
			proxyType = 1;
			remoteGlobalIDString = 999ECC2C1EC6B0F6009C3E39;
			remoteInfo = "Swift-ImGui-iOS";
		};
		996520621FF380E7008E9CDC /* PBXContainerItemProxy */ = {
			isa = PBXContainerItemProxy;
			containerPortal = 999ECC241EC6B0F6009C3E39 /* Project object */;
			proxyType = 1;
			remoteGlobalIDString = 999ECC2C1EC6B0F6009C3E39;
			remoteInfo = "Swift-ImGui-iOS";
		};
		997E13F21EC7893400BB38AF /* PBXContainerItemProxy */ = {
			isa = PBXContainerItemProxy;
			containerPortal = 999ECC241EC6B0F6009C3E39 /* Project object */;
			proxyType = 1;
			remoteGlobalIDString = 997E13EC1EC7893400BB38AF;
			remoteInfo = "Swift-imgui-macOS";
		};
		999ECC621EC6B33E009C3E39 /* PBXContainerItemProxy */ = {
			isa = PBXContainerItemProxy;
			containerPortal = 999ECC241EC6B0F6009C3E39 /* Project object */;
			proxyType = 1;
			remoteGlobalIDString = 999ECC2C1EC6B0F6009C3E39;
			remoteInfo = "Swift-imgui-iOS";
		};
/* End PBXContainerItemProxy section */

/* Begin PBXCopyFilesBuildPhase section */
		994920C72112647700D206BB /* Embed Frameworks */ = {
			isa = PBXCopyFilesBuildPhase;
			buildActionMask = 2147483647;
			dstPath = "";
			dstSubfolderSpec = 10;
			files = (
				994920C62112647700D206BB /* ImGui.framework in Embed Frameworks */,
			);
			name = "Embed Frameworks";
			runOnlyForDeploymentPostprocessing = 0;
		};
		996520661FF380F9008E9CDC /* Embed Frameworks */ = {
			isa = PBXCopyFilesBuildPhase;
			buildActionMask = 2147483647;
			dstPath = "";
			dstSubfolderSpec = 10;
			files = (
				996520651FF380F9008E9CDC /* ImGui.framework in Embed Frameworks */,
			);
			name = "Embed Frameworks";
			runOnlyForDeploymentPostprocessing = 0;
		};
		997E13CD1EC7713B00BB38AF /* Embed Frameworks */ = {
			isa = PBXCopyFilesBuildPhase;
			buildActionMask = 2147483647;
			dstPath = "";
			dstSubfolderSpec = 10;
			files = (
				997E13CC1EC7713A00BB38AF /* ImGui.framework in Embed Frameworks */,
			);
			name = "Embed Frameworks";
			runOnlyForDeploymentPostprocessing = 0;
		};
		997E13F91EC7893400BB38AF /* Embed Frameworks */ = {
			isa = PBXCopyFilesBuildPhase;
			buildActionMask = 2147483647;
			dstPath = "";
			dstSubfolderSpec = 10;
			files = (
				997E13F51EC7893400BB38AF /* ImGui.framework in Embed Frameworks */,
			);
			name = "Embed Frameworks";
			runOnlyForDeploymentPostprocessing = 0;
		};
/* End PBXCopyFilesBuildPhase section */

/* Begin PBXFileReference section */
		994920B1211263B700D206BB /* Swift-ImGui-ImGuiWindow-iOS Example.app */ = {isa = PBXFileReference; explicitFileType = wrapper.application; includeInIndex = 0; path = "Swift-ImGui-ImGuiWindow-iOS Example.app"; sourceTree = BUILT_PRODUCTS_DIR; };
		994920B3211263B700D206BB /* AppDelegate.swift */ = {isa = PBXFileReference; lastKnownFileType = sourcecode.swift; path = AppDelegate.swift; sourceTree = "<group>"; };
		994920B5211263B700D206BB /* ViewController.swift */ = {isa = PBXFileReference; lastKnownFileType = sourcecode.swift; path = ViewController.swift; sourceTree = "<group>"; };
		994920B8211263B700D206BB /* Base */ = {isa = PBXFileReference; lastKnownFileType = file.storyboard; name = Base; path = Base.lproj/Main.storyboard; sourceTree = "<group>"; };
		994920BA211263BA00D206BB /* Assets.xcassets */ = {isa = PBXFileReference; lastKnownFileType = folder.assetcatalog; path = Assets.xcassets; sourceTree = "<group>"; };
		994920BD211263BA00D206BB /* Base */ = {isa = PBXFileReference; lastKnownFileType = file.storyboard; name = Base; path = Base.lproj/LaunchScreen.storyboard; sourceTree = "<group>"; };
		994920BF211263BA00D206BB /* Info.plist */ = {isa = PBXFileReference; lastKnownFileType = text.plist.xml; path = Info.plist; sourceTree = "<group>"; };
		9965204E1FF380D7008E9CDC /* Swift-ImGui-SceneKit-iOS Example.app */ = {isa = PBXFileReference; explicitFileType = wrapper.application; includeInIndex = 0; path = "Swift-ImGui-SceneKit-iOS Example.app"; sourceTree = BUILT_PRODUCTS_DIR; };
		996520501FF380D7008E9CDC /* AppDelegate.swift */ = {isa = PBXFileReference; lastKnownFileType = sourcecode.swift; path = AppDelegate.swift; sourceTree = "<group>"; };
		996520521FF380D7008E9CDC /* art.scnassets */ = {isa = PBXFileReference; lastKnownFileType = wrapper.scnassets; path = art.scnassets; sourceTree = "<group>"; };
		996520541FF380D7008E9CDC /* GameViewController.swift */ = {isa = PBXFileReference; lastKnownFileType = sourcecode.swift; path = GameViewController.swift; sourceTree = "<group>"; };
		996520571FF380D7008E9CDC /* Base */ = {isa = PBXFileReference; lastKnownFileType = file.storyboard; name = Base; path = Base.lproj/Main.storyboard; sourceTree = "<group>"; };
		996520591FF380D7008E9CDC /* Assets.xcassets */ = {isa = PBXFileReference; lastKnownFileType = folder.assetcatalog; path = Assets.xcassets; sourceTree = "<group>"; };
		9965205C1FF380D7008E9CDC /* Base */ = {isa = PBXFileReference; lastKnownFileType = file.storyboard; name = Base; path = Base.lproj/LaunchScreen.storyboard; sourceTree = "<group>"; };
		9965205E1FF380D7008E9CDC /* Info.plist */ = {isa = PBXFileReference; lastKnownFileType = text.plist.xml; path = Info.plist; sourceTree = "<group>"; };
		996E56271FF9C82D0036344C /* ImGuiSceneViewController.swift */ = {isa = PBXFileReference; lastKnownFileType = sourcecode.swift; path = ImGuiSceneViewController.swift; sourceTree = "<group>"; };
		997E13C51EC6BFDA00BB38AF /* SpriteKit.framework */ = {isa = PBXFileReference; lastKnownFileType = wrapper.framework; name = SpriteKit.framework; path = System/Library/Frameworks/SpriteKit.framework; sourceTree = SDKROOT; };
		997E13CE1EC7831000BB38AF /* ImGui.swift */ = {isa = PBXFileReference; fileEncoding = 4; lastKnownFileType = sourcecode.swift; path = ImGui.swift; sourceTree = "<group>"; };
		997E13D21EC7865A00BB38AF /* ImGuiViewControllerProtocol.swift */ = {isa = PBXFileReference; fileEncoding = 4; lastKnownFileType = sourcecode.swift; path = ImGuiViewControllerProtocol.swift; sourceTree = "<group>"; };
		997E13D91EC788FF00BB38AF /* Swift-ImGui-macOS Example.app */ = {isa = PBXFileReference; explicitFileType = wrapper.application; includeInIndex = 0; path = "Swift-ImGui-macOS Example.app"; sourceTree = BUILT_PRODUCTS_DIR; };
		997E13DB1EC788FF00BB38AF /* AppDelegate.swift */ = {isa = PBXFileReference; lastKnownFileType = sourcecode.swift; path = AppDelegate.swift; sourceTree = "<group>"; };
		997E13DD1EC788FF00BB38AF /* ViewController.swift */ = {isa = PBXFileReference; lastKnownFileType = sourcecode.swift; path = ViewController.swift; sourceTree = "<group>"; };
		997E13DF1EC788FF00BB38AF /* Assets.xcassets */ = {isa = PBXFileReference; lastKnownFileType = folder.assetcatalog; path = Assets.xcassets; sourceTree = "<group>"; };
		997E13E21EC788FF00BB38AF /* Base */ = {isa = PBXFileReference; lastKnownFileType = file.storyboard; name = Base; path = Base.lproj/Main.storyboard; sourceTree = "<group>"; };
		997E13E41EC788FF00BB38AF /* Info.plist */ = {isa = PBXFileReference; lastKnownFileType = text.plist.xml; path = Info.plist; sourceTree = "<group>"; };
		997E13ED1EC7893400BB38AF /* ImGui.framework */ = {isa = PBXFileReference; explicitFileType = wrapper.framework; includeInIndex = 0; path = ImGui.framework; sourceTree = BUILT_PRODUCTS_DIR; };
		997E13F01EC7893400BB38AF /* Info-macOS.plist */ = {isa = PBXFileReference; lastKnownFileType = text.plist.xml; path = "Info-macOS.plist"; sourceTree = "<group>"; };
		998E21461EC7EE400032272F /* SFMono-Regular.ttf */ = {isa = PBXFileReference; lastKnownFileType = file; path = "SFMono-Regular.ttf"; sourceTree = "<group>"; };
		999ECC2D1EC6B0F6009C3E39 /* ImGui.framework */ = {isa = PBXFileReference; explicitFileType = wrapper.framework; includeInIndex = 0; path = ImGui.framework; sourceTree = BUILT_PRODUCTS_DIR; };
		999ECC301EC6B0F6009C3E39 /* ImGui.h */ = {isa = PBXFileReference; lastKnownFileType = sourcecode.c.h; path = ImGui.h; sourceTree = "<group>"; };
		999ECC311EC6B0F6009C3E39 /* Info-iOS.plist */ = {isa = PBXFileReference; lastKnownFileType = text.plist.xml; path = "Info-iOS.plist"; sourceTree = "<group>"; };
		999ECC501EC6B337009C3E39 /* Swift-ImGui-iOS Example.app */ = {isa = PBXFileReference; explicitFileType = wrapper.application; includeInIndex = 0; path = "Swift-ImGui-iOS Example.app"; sourceTree = BUILT_PRODUCTS_DIR; };
		999ECC521EC6B337009C3E39 /* AppDelegate.swift */ = {isa = PBXFileReference; lastKnownFileType = sourcecode.swift; path = AppDelegate.swift; sourceTree = "<group>"; };
		999ECC541EC6B337009C3E39 /* ViewController.swift */ = {isa = PBXFileReference; lastKnownFileType = sourcecode.swift; path = ViewController.swift; sourceTree = "<group>"; };
		999ECC571EC6B337009C3E39 /* Base */ = {isa = PBXFileReference; lastKnownFileType = file.storyboard; name = Base; path = Base.lproj/Main.storyboard; sourceTree = "<group>"; };
		999ECC591EC6B337009C3E39 /* Assets.xcassets */ = {isa = PBXFileReference; lastKnownFileType = folder.assetcatalog; path = Assets.xcassets; sourceTree = "<group>"; };
		999ECC5C1EC6B337009C3E39 /* Base */ = {isa = PBXFileReference; lastKnownFileType = file.storyboard; name = Base; path = Base.lproj/LaunchScreen.storyboard; sourceTree = "<group>"; };
		999ECC5E1EC6B337009C3E39 /* Info.plist */ = {isa = PBXFileReference; lastKnownFileType = text.plist.xml; path = Info.plist; sourceTree = "<group>"; };
		999ECC651EC6B41C009C3E39 /* uSynergy.c */ = {isa = PBXFileReference; fileEncoding = 4; lastKnownFileType = sourcecode.c.c; path = uSynergy.c; sourceTree = "<group>"; };
		999ECC661EC6B41C009C3E39 /* uSynergy.h */ = {isa = PBXFileReference; fileEncoding = 4; lastKnownFileType = sourcecode.c.h; path = uSynergy.h; sourceTree = "<group>"; };
		999ECC6A1EC6B423009C3E39 /* Aliases.swift */ = {isa = PBXFileReference; fileEncoding = 4; lastKnownFileType = sourcecode.swift; path = Aliases.swift; sourceTree = "<group>"; };
		999ECC6B1EC6B423009C3E39 /* ImGuiBase.swift */ = {isa = PBXFileReference; fileEncoding = 4; lastKnownFileType = sourcecode.swift; path = ImGuiBase.swift; sourceTree = "<group>"; };
		999ECC6C1EC6B423009C3E39 /* ImGuiEnums.swift */ = {isa = PBXFileReference; fileEncoding = 4; lastKnownFileType = sourcecode.swift; path = ImGuiEnums.swift; sourceTree = "<group>"; };
		999ECC6D1EC6B423009C3E39 /* ImGuiIOBridge.h */ = {isa = PBXFileReference; fileEncoding = 4; lastKnownFileType = sourcecode.c.h; path = ImGuiIOBridge.h; sourceTree = "<group>"; };
		999ECC6E1EC6B423009C3E39 /* ImGuiIOBridge.m */ = {isa = PBXFileReference; fileEncoding = 4; lastKnownFileType = sourcecode.c.objc; path = ImGuiIOBridge.m; sourceTree = "<group>"; };
		999ECC6F1EC6B423009C3E39 /* ImGuiKeyMapping.h */ = {isa = PBXFileReference; fileEncoding = 4; lastKnownFileType = sourcecode.c.h; path = ImGuiKeyMapping.h; sourceTree = "<group>"; };
		999ECC701EC6B423009C3E39 /* ImGuiStyleBridge.h */ = {isa = PBXFileReference; fileEncoding = 4; lastKnownFileType = sourcecode.c.h; path = ImGuiStyleBridge.h; sourceTree = "<group>"; };
		999ECC711EC6B423009C3E39 /* ImGuiStyleBridge.m */ = {isa = PBXFileReference; fileEncoding = 4; lastKnownFileType = sourcecode.c.objc; path = ImGuiStyleBridge.m; sourceTree = "<group>"; };
		999ECC721EC6B423009C3E39 /* ImGuiUtils.cpp */ = {isa = PBXFileReference; fileEncoding = 4; lastKnownFileType = sourcecode.cpp.cpp; path = ImGuiUtils.cpp; sourceTree = "<group>"; };
		999ECC731EC6B423009C3E39 /* ImGuiUtils.h */ = {isa = PBXFileReference; fileEncoding = 4; lastKnownFileType = sourcecode.c.h; path = ImGuiUtils.h; sourceTree = "<group>"; };
		999ECC741EC6B423009C3E39 /* ImGuiViewController.swift */ = {isa = PBXFileReference; fileEncoding = 4; lastKnownFileType = sourcecode.swift; path = ImGuiViewController.swift; sourceTree = "<group>"; };
		999ECC751EC6B423009C3E39 /* ImGuiWindow.swift */ = {isa = PBXFileReference; fileEncoding = 4; lastKnownFileType = sourcecode.swift; path = ImGuiWindow.swift; sourceTree = "<group>"; };
		999ECC761EC6B423009C3E39 /* ImGuiWrapperBase.h */ = {isa = PBXFileReference; fileEncoding = 4; lastKnownFileType = sourcecode.c.h; path = ImGuiWrapperBase.h; sourceTree = "<group>"; };
		999ECC771EC6B423009C3E39 /* ImGuiWrapperBase.mm */ = {isa = PBXFileReference; fileEncoding = 4; lastKnownFileType = sourcecode.cpp.objcpp; path = ImGuiWrapperBase.mm; sourceTree = "<group>"; };
		999ECC781EC6B423009C3E39 /* InputTextButton.swift */ = {isa = PBXFileReference; fileEncoding = 4; lastKnownFileType = sourcecode.swift; path = InputTextButton.swift; sourceTree = "<group>"; };
		999ECC7A1EC6B423009C3E39 /* ImGuiMetal.swift */ = {isa = PBXFileReference; fileEncoding = 4; lastKnownFileType = sourcecode.swift; path = ImGuiMetal.swift; sourceTree = "<group>"; };
		999ECC7B1EC6B423009C3E39 /* ImGuiMTKViewController.swift */ = {isa = PBXFileReference; fileEncoding = 4; lastKnownFileType = sourcecode.swift; path = ImGuiMTKViewController.swift; sourceTree = "<group>"; };
		999ECC7C1EC6B423009C3E39 /* ImGuiWrapperMetal.h */ = {isa = PBXFileReference; fileEncoding = 4; lastKnownFileType = sourcecode.c.h; path = ImGuiWrapperMetal.h; sourceTree = "<group>"; };
		999ECC7D1EC6B423009C3E39 /* ImGuiWrapperMetal.mm */ = {isa = PBXFileReference; fileEncoding = 4; lastKnownFileType = sourcecode.cpp.objcpp; path = ImGuiWrapperMetal.mm; sourceTree = "<group>"; };
		999ECC7F1EC6B423009C3E39 /* ImGuiGLKViewController.swift */ = {isa = PBXFileReference; fileEncoding = 4; lastKnownFileType = sourcecode.swift; path = ImGuiGLKViewController.swift; sourceTree = "<group>"; };
		999ECC801EC6B423009C3E39 /* ImGuiOpenGL.swift */ = {isa = PBXFileReference; fileEncoding = 4; lastKnownFileType = sourcecode.swift; path = ImGuiOpenGL.swift; sourceTree = "<group>"; };
		999ECC811EC6B423009C3E39 /* ImGuiWrapperOpenGLES2.h */ = {isa = PBXFileReference; fileEncoding = 4; lastKnownFileType = sourcecode.c.h; path = ImGuiWrapperOpenGLES2.h; sourceTree = "<group>"; };
		999ECC821EC6B423009C3E39 /* ImGuiWrapperOpenGLES2.mm */ = {isa = PBXFileReference; fileEncoding = 4; lastKnownFileType = sourcecode.cpp.objcpp; path = ImGuiWrapperOpenGLES2.mm; sourceTree = "<group>"; };
		999ECC9A1EC6B53B009C3E39 /* Swift-ImGui-PrefixHeader.pch */ = {isa = PBXFileReference; lastKnownFileType = sourcecode.c.h; path = "Swift-ImGui-PrefixHeader.pch"; sourceTree = "<group>"; };
		999ECDAD1EC6BC71009C3E39 /* imconfig.h */ = {isa = PBXFileReference; fileEncoding = 4; lastKnownFileType = sourcecode.c.h; name = imconfig.h; path = imgui/imconfig.h; sourceTree = "<group>"; };
		999ECDAE1EC6BC71009C3E39 /* imgui_demo.cpp */ = {isa = PBXFileReference; fileEncoding = 4; lastKnownFileType = sourcecode.cpp.cpp; name = imgui_demo.cpp; path = imgui/imgui_demo.cpp; sourceTree = "<group>"; };
		999ECDAF1EC6BC71009C3E39 /* imgui_draw.cpp */ = {isa = PBXFileReference; fileEncoding = 4; lastKnownFileType = sourcecode.cpp.cpp; name = imgui_draw.cpp; path = imgui/imgui_draw.cpp; sourceTree = "<group>"; };
		999ECDB01EC6BC71009C3E39 /* imgui_internal.h */ = {isa = PBXFileReference; fileEncoding = 4; lastKnownFileType = sourcecode.c.h; name = imgui_internal.h; path = imgui/imgui_internal.h; sourceTree = "<group>"; };
		999ECDB11EC6BC71009C3E39 /* imgui.cpp */ = {isa = PBXFileReference; fileEncoding = 4; lastKnownFileType = sourcecode.cpp.cpp; name = imgui.cpp; path = imgui/imgui.cpp; sourceTree = "<group>"; };
		999ECDB21EC6BC71009C3E39 /* imgui.h */ = {isa = PBXFileReference; fileEncoding = 4; lastKnownFileType = sourcecode.c.h; name = imgui.h; path = imgui/imgui.h; sourceTree = "<group>"; };
		999ECDB31EC6BC71009C3E39 /* stb_rect_pack.h */ = {isa = PBXFileReference; fileEncoding = 4; lastKnownFileType = sourcecode.c.h; name = stb_rect_pack.h; path = imgui/stb_rect_pack.h; sourceTree = "<group>"; };
		999ECDB41EC6BC71009C3E39 /* stb_textedit.h */ = {isa = PBXFileReference; fileEncoding = 4; lastKnownFileType = sourcecode.c.h; name = stb_textedit.h; path = imgui/stb_textedit.h; sourceTree = "<group>"; };
		999ECDB51EC6BC71009C3E39 /* stb_truetype.h */ = {isa = PBXFileReference; fileEncoding = 4; lastKnownFileType = sourcecode.c.h; name = stb_truetype.h; path = imgui/stb_truetype.h; sourceTree = "<group>"; };
/* End PBXFileReference section */

/* Begin PBXFrameworksBuildPhase section */
		994920AE211263B700D206BB /* Frameworks */ = {
			isa = PBXFrameworksBuildPhase;
			buildActionMask = 2147483647;
			files = (
				994920C52112647700D206BB /* ImGui.framework in Frameworks */,
			);
			runOnlyForDeploymentPostprocessing = 0;
		};
		9965204B1FF380D7008E9CDC /* Frameworks */ = {
			isa = PBXFrameworksBuildPhase;
			buildActionMask = 2147483647;
			files = (
				996520641FF380F9008E9CDC /* ImGui.framework in Frameworks */,
			);
			runOnlyForDeploymentPostprocessing = 0;
		};
		997E13D61EC788FF00BB38AF /* Frameworks */ = {
			isa = PBXFrameworksBuildPhase;
			buildActionMask = 2147483647;
			files = (
				997E13F41EC7893400BB38AF /* ImGui.framework in Frameworks */,
			);
			runOnlyForDeploymentPostprocessing = 0;
		};
		997E13E91EC7893400BB38AF /* Frameworks */ = {
			isa = PBXFrameworksBuildPhase;
			buildActionMask = 2147483647;
			files = (
			);
			runOnlyForDeploymentPostprocessing = 0;
		};
		999ECC291EC6B0F6009C3E39 /* Frameworks */ = {
			isa = PBXFrameworksBuildPhase;
			buildActionMask = 2147483647;
			files = (
				997E13C71EC6C00500BB38AF /* SpriteKit.framework in Frameworks */,
			);
			runOnlyForDeploymentPostprocessing = 0;
		};
		999ECC4D1EC6B337009C3E39 /* Frameworks */ = {
			isa = PBXFrameworksBuildPhase;
			buildActionMask = 2147483647;
			files = (
				997E13CB1EC7713A00BB38AF /* ImGui.framework in Frameworks */,
			);
			runOnlyForDeploymentPostprocessing = 0;
		};
/* End PBXFrameworksBuildPhase section */

/* Begin PBXGroup section */
		994920B2211263B700D206BB /* Swift-ImGui-ImGuiWindow-iOS Example */ = {
			isa = PBXGroup;
			children = (
				994920B3211263B700D206BB /* AppDelegate.swift */,
				994920B5211263B700D206BB /* ViewController.swift */,
				994920B7211263B700D206BB /* Main.storyboard */,
				994920BA211263BA00D206BB /* Assets.xcassets */,
				994920BC211263BA00D206BB /* LaunchScreen.storyboard */,
				994920BF211263BA00D206BB /* Info.plist */,
			);
			path = "Swift-ImGui-ImGuiWindow-iOS Example";
			sourceTree = "<group>";
		};
		9965204F1FF380D7008E9CDC /* Swift-ImGui-SceneKit-iOS Example */ = {
			isa = PBXGroup;
			children = (
				996520501FF380D7008E9CDC /* AppDelegate.swift */,
				996520521FF380D7008E9CDC /* art.scnassets */,
				996520541FF380D7008E9CDC /* GameViewController.swift */,
				996520561FF380D7008E9CDC /* Main.storyboard */,
				996520591FF380D7008E9CDC /* Assets.xcassets */,
				9965205B1FF380D7008E9CDC /* LaunchScreen.storyboard */,
				9965205E1FF380D7008E9CDC /* Info.plist */,
			);
			path = "Swift-ImGui-SceneKit-iOS Example";
			sourceTree = "<group>";
		};
		997E13C41EC6BFD900BB38AF /* Frameworks */ = {
			isa = PBXGroup;
			children = (
				997E13C51EC6BFDA00BB38AF /* SpriteKit.framework */,
			);
			name = Frameworks;
			sourceTree = "<group>";
		};
		997E13D11EC785EB00BB38AF /* Protocols */ = {
			isa = PBXGroup;
			children = (
				997E13D21EC7865A00BB38AF /* ImGuiViewControllerProtocol.swift */,
			);
			path = Protocols;
			sourceTree = "<group>";
		};
		997E13DA1EC788FF00BB38AF /* Swift-ImGui-macOS Example */ = {
			isa = PBXGroup;
			children = (
				997E13DB1EC788FF00BB38AF /* AppDelegate.swift */,
				997E13DD1EC788FF00BB38AF /* ViewController.swift */,
				997E13DF1EC788FF00BB38AF /* Assets.xcassets */,
				997E13E11EC788FF00BB38AF /* Main.storyboard */,
				997E13E41EC788FF00BB38AF /* Info.plist */,
			);
			name = "Swift-ImGui-macOS Example";
			path = "Swift-imgui-macOS Example";
			sourceTree = "<group>";
		};
		999ECC231EC6B0F6009C3E39 = {
			isa = PBXGroup;
			children = (
				999ECC381EC6B102009C3E39 /* Sources */,
				999ECC511EC6B337009C3E39 /* Swift-ImGui-iOS Example */,
				997E13DA1EC788FF00BB38AF /* Swift-ImGui-macOS Example */,
				9965204F1FF380D7008E9CDC /* Swift-ImGui-SceneKit-iOS Example */,
				994920B2211263B700D206BB /* Swift-ImGui-ImGuiWindow-iOS Example */,
				999ECC2E1EC6B0F6009C3E39 /* Products */,
				997E13C41EC6BFD900BB38AF /* Frameworks */,
			);
			sourceTree = "<group>";
		};
		999ECC2E1EC6B0F6009C3E39 /* Products */ = {
			isa = PBXGroup;
			children = (
				999ECC2D1EC6B0F6009C3E39 /* ImGui.framework */,
				999ECC501EC6B337009C3E39 /* Swift-ImGui-iOS Example.app */,
				997E13D91EC788FF00BB38AF /* Swift-ImGui-macOS Example.app */,
				997E13ED1EC7893400BB38AF /* ImGui.framework */,
				9965204E1FF380D7008E9CDC /* Swift-ImGui-SceneKit-iOS Example.app */,
				994920B1211263B700D206BB /* Swift-ImGui-ImGuiWindow-iOS Example.app */,
			);
			name = Products;
			sourceTree = "<group>";
		};
		999ECC381EC6B102009C3E39 /* Sources */ = {
			isa = PBXGroup;
			children = (
				999ECDAC1EC6BC69009C3E39 /* imgui */,
				999ECC691EC6B423009C3E39 /* ImGuiSwift */,
				999ECC641EC6B41C009C3E39 /* usynergy */,
				999ECC311EC6B0F6009C3E39 /* Info-iOS.plist */,
				997E13F01EC7893400BB38AF /* Info-macOS.plist */,
				999ECC301EC6B0F6009C3E39 /* ImGui.h */,
				999ECC9A1EC6B53B009C3E39 /* Swift-ImGui-PrefixHeader.pch */,
			);
			path = Sources;
			sourceTree = "<group>";
		};
		999ECC511EC6B337009C3E39 /* Swift-ImGui-iOS Example */ = {
			isa = PBXGroup;
			children = (
				998E21461EC7EE400032272F /* SFMono-Regular.ttf */,
				999ECC521EC6B337009C3E39 /* AppDelegate.swift */,
				999ECC541EC6B337009C3E39 /* ViewController.swift */,
				999ECC561EC6B337009C3E39 /* Main.storyboard */,
				999ECC591EC6B337009C3E39 /* Assets.xcassets */,
				999ECC5B1EC6B337009C3E39 /* LaunchScreen.storyboard */,
				999ECC5E1EC6B337009C3E39 /* Info.plist */,
			);
			name = "Swift-ImGui-iOS Example";
			path = "Swift-imgui-iOS Example";
			sourceTree = "<group>";
		};
		999ECC641EC6B41C009C3E39 /* usynergy */ = {
			isa = PBXGroup;
			children = (
				999ECC651EC6B41C009C3E39 /* uSynergy.c */,
				999ECC661EC6B41C009C3E39 /* uSynergy.h */,
			);
			path = usynergy;
			sourceTree = "<group>";
		};
		999ECC691EC6B423009C3E39 /* ImGuiSwift */ = {
			isa = PBXGroup;
			children = (
				997E13D11EC785EB00BB38AF /* Protocols */,
				999ECC6A1EC6B423009C3E39 /* Aliases.swift */,
				999ECC6B1EC6B423009C3E39 /* ImGuiBase.swift */,
				999ECC6C1EC6B423009C3E39 /* ImGuiEnums.swift */,
				999ECC6D1EC6B423009C3E39 /* ImGuiIOBridge.h */,
				999ECC6E1EC6B423009C3E39 /* ImGuiIOBridge.m */,
				999ECC6F1EC6B423009C3E39 /* ImGuiKeyMapping.h */,
				999ECC701EC6B423009C3E39 /* ImGuiStyleBridge.h */,
				999ECC711EC6B423009C3E39 /* ImGuiStyleBridge.m */,
				999ECC721EC6B423009C3E39 /* ImGuiUtils.cpp */,
				999ECC731EC6B423009C3E39 /* ImGuiUtils.h */,
				999ECC741EC6B423009C3E39 /* ImGuiViewController.swift */,
				999ECC751EC6B423009C3E39 /* ImGuiWindow.swift */,
				999ECC761EC6B423009C3E39 /* ImGuiWrapperBase.h */,
				999ECC771EC6B423009C3E39 /* ImGuiWrapperBase.mm */,
				999ECC781EC6B423009C3E39 /* InputTextButton.swift */,
				999ECC791EC6B423009C3E39 /* Metal */,
				999ECC7E1EC6B423009C3E39 /* OpenGL */,
				997E13CE1EC7831000BB38AF /* ImGui.swift */,
				996E56271FF9C82D0036344C /* ImGuiSceneViewController.swift */,
			);
			path = ImGuiSwift;
			sourceTree = "<group>";
		};
		999ECC791EC6B423009C3E39 /* Metal */ = {
			isa = PBXGroup;
			children = (
				999ECC7A1EC6B423009C3E39 /* ImGuiMetal.swift */,
				999ECC7B1EC6B423009C3E39 /* ImGuiMTKViewController.swift */,
				999ECC7C1EC6B423009C3E39 /* ImGuiWrapperMetal.h */,
				999ECC7D1EC6B423009C3E39 /* ImGuiWrapperMetal.mm */,
			);
			path = Metal;
			sourceTree = "<group>";
		};
		999ECC7E1EC6B423009C3E39 /* OpenGL */ = {
			isa = PBXGroup;
			children = (
				999ECC7F1EC6B423009C3E39 /* ImGuiGLKViewController.swift */,
				999ECC801EC6B423009C3E39 /* ImGuiOpenGL.swift */,
				999ECC811EC6B423009C3E39 /* ImGuiWrapperOpenGLES2.h */,
				999ECC821EC6B423009C3E39 /* ImGuiWrapperOpenGLES2.mm */,
			);
			path = OpenGL;
			sourceTree = "<group>";
		};
		999ECDAC1EC6BC69009C3E39 /* imgui */ = {
			isa = PBXGroup;
			children = (
				999ECDAD1EC6BC71009C3E39 /* imconfig.h */,
				999ECDAE1EC6BC71009C3E39 /* imgui_demo.cpp */,
				999ECDAF1EC6BC71009C3E39 /* imgui_draw.cpp */,
				999ECDB01EC6BC71009C3E39 /* imgui_internal.h */,
				999ECDB11EC6BC71009C3E39 /* imgui.cpp */,
				999ECDB21EC6BC71009C3E39 /* imgui.h */,
				999ECDB31EC6BC71009C3E39 /* stb_rect_pack.h */,
				999ECDB41EC6BC71009C3E39 /* stb_textedit.h */,
				999ECDB51EC6BC71009C3E39 /* stb_truetype.h */,
			);
			name = imgui;
			sourceTree = "<group>";
		};
/* End PBXGroup section */

/* Begin PBXHeadersBuildPhase section */
		997E13EA1EC7893400BB38AF /* Headers */ = {
			isa = PBXHeadersBuildPhase;
			buildActionMask = 2147483647;
			files = (
				998E21101EC78A7A0032272F /* ImGuiIOBridge.h in Headers */,
				998E21111EC78A7A0032272F /* ImGuiKeyMapping.h in Headers */,
				998E21121EC78A7A0032272F /* ImGuiStyleBridge.h in Headers */,
				998E21131EC78A7A0032272F /* ImGuiUtils.h in Headers */,
				998E21141EC78A7A0032272F /* ImGuiWrapperBase.h in Headers */,
				998E21151EC78A7A0032272F /* ImGuiWrapperMetal.h in Headers */,
				998E21161EC78A7A0032272F /* ImGuiWrapperOpenGLES2.h in Headers */,
				998E21171EC78A7A0032272F /* ImGui.h in Headers */,
				998E21181EC78A8C0032272F /* imconfig.h in Headers */,
				998E21191EC78A8C0032272F /* imgui_internal.h in Headers */,
				998E211A1EC78A8C0032272F /* imgui.h in Headers */,
				998E211B1EC78A8C0032272F /* stb_rect_pack.h in Headers */,
				998E211C1EC78A8C0032272F /* stb_textedit.h in Headers */,
				998E211D1EC78A8C0032272F /* stb_truetype.h in Headers */,
				998E211E1EC78A8C0032272F /* uSynergy.h in Headers */,
			);
			runOnlyForDeploymentPostprocessing = 0;
		};
		999ECC2A1EC6B0F6009C3E39 /* Headers */ = {
			isa = PBXHeadersBuildPhase;
			buildActionMask = 2147483647;
			files = (
				999ECDBE1EC6BC71009C3E39 /* stb_truetype.h in Headers */,
				999ECDBB1EC6BC71009C3E39 /* imgui.h in Headers */,
				999ECDB91EC6BC71009C3E39 /* imgui_internal.h in Headers */,
				999ECC8F1EC6B423009C3E39 /* ImGuiWrapperBase.h in Headers */,
				999ECDBD1EC6BC71009C3E39 /* stb_textedit.h in Headers */,
				999ECC941EC6B423009C3E39 /* ImGuiWrapperMetal.h in Headers */,
				999ECDBC1EC6BC71009C3E39 /* stb_rect_pack.h in Headers */,
				999ECC891EC6B423009C3E39 /* ImGuiStyleBridge.h in Headers */,
				999ECC861EC6B423009C3E39 /* ImGuiIOBridge.h in Headers */,
				999ECC881EC6B423009C3E39 /* ImGuiKeyMapping.h in Headers */,
				999ECDB61EC6BC71009C3E39 /* imconfig.h in Headers */,
				999ECC981EC6B423009C3E39 /* ImGuiWrapperOpenGLES2.h in Headers */,
				999ECC321EC6B0F6009C3E39 /* ImGui.h in Headers */,
				999ECC681EC6B41C009C3E39 /* uSynergy.h in Headers */,
			);
			runOnlyForDeploymentPostprocessing = 0;
		};
/* End PBXHeadersBuildPhase section */

/* Begin PBXNativeTarget section */
		994920B0211263B700D206BB /* Swift-ImGui-ImGuiWindow-iOS Example */ = {
			isa = PBXNativeTarget;
			buildConfigurationList = 994920C2211263BA00D206BB /* Build configuration list for PBXNativeTarget "Swift-ImGui-ImGuiWindow-iOS Example" */;
			buildPhases = (
				994920AD211263B700D206BB /* Sources */,
				994920AE211263B700D206BB /* Frameworks */,
				994920AF211263B700D206BB /* Resources */,
				994920C72112647700D206BB /* Embed Frameworks */,
			);
			buildRules = (
			);
			dependencies = (
				994920C42112646C00D206BB /* PBXTargetDependency */,
			);
			name = "Swift-ImGui-ImGuiWindow-iOS Example";
			productName = "Swift-ImGui-ImGuiWindow-iOS Example";
			productReference = 994920B1211263B700D206BB /* Swift-ImGui-ImGuiWindow-iOS Example.app */;
			productType = "com.apple.product-type.application";
		};
		9965204D1FF380D7008E9CDC /* Swift-ImGui-SceneKit-iOS Example */ = {
			isa = PBXNativeTarget;
			buildConfigurationList = 996520611FF380D7008E9CDC /* Build configuration list for PBXNativeTarget "Swift-ImGui-SceneKit-iOS Example" */;
			buildPhases = (
				9965204A1FF380D7008E9CDC /* Sources */,
				9965204B1FF380D7008E9CDC /* Frameworks */,
				9965204C1FF380D7008E9CDC /* Resources */,
				996520661FF380F9008E9CDC /* Embed Frameworks */,
			);
			buildRules = (
			);
			dependencies = (
				996520631FF380E7008E9CDC /* PBXTargetDependency */,
			);
			name = "Swift-ImGui-SceneKit-iOS Example";
			productName = "Swift-ImGui-SceneKit-iOS Example";
			productReference = 9965204E1FF380D7008E9CDC /* Swift-ImGui-SceneKit-iOS Example.app */;
			productType = "com.apple.product-type.application";
		};
		997E13D81EC788FF00BB38AF /* Swift-ImGui-macOS Example */ = {
			isa = PBXNativeTarget;
			buildConfigurationList = 997E13E51EC788FF00BB38AF /* Build configuration list for PBXNativeTarget "Swift-ImGui-macOS Example" */;
			buildPhases = (
				997E13D51EC788FF00BB38AF /* Sources */,
				997E13D61EC788FF00BB38AF /* Frameworks */,
				997E13D71EC788FF00BB38AF /* Resources */,
				997E13F91EC7893400BB38AF /* Embed Frameworks */,
			);
			buildRules = (
			);
			dependencies = (
				997E13F31EC7893400BB38AF /* PBXTargetDependency */,
			);
			name = "Swift-ImGui-macOS Example";
			productName = "Swift-imgui-macOS Example";
			productReference = 997E13D91EC788FF00BB38AF /* Swift-ImGui-macOS Example.app */;
			productType = "com.apple.product-type.application";
		};
		997E13EC1EC7893400BB38AF /* Swift-ImGui-macOS */ = {
			isa = PBXNativeTarget;
			buildConfigurationList = 997E13F61EC7893400BB38AF /* Build configuration list for PBXNativeTarget "Swift-ImGui-macOS" */;
			buildPhases = (
				997E13E81EC7893400BB38AF /* Sources */,
				997E13E91EC7893400BB38AF /* Frameworks */,
				997E13EA1EC7893400BB38AF /* Headers */,
				997E13EB1EC7893400BB38AF /* Resources */,
			);
			buildRules = (
			);
			dependencies = (
			);
			name = "Swift-ImGui-macOS";
			productName = "Swift-imgui-macOS";
			productReference = 997E13ED1EC7893400BB38AF /* ImGui.framework */;
			productType = "com.apple.product-type.framework";
		};
		999ECC2C1EC6B0F6009C3E39 /* Swift-ImGui-iOS */ = {
			isa = PBXNativeTarget;
			buildConfigurationList = 999ECC351EC6B0F6009C3E39 /* Build configuration list for PBXNativeTarget "Swift-ImGui-iOS" */;
			buildPhases = (
				999ECC281EC6B0F6009C3E39 /* Sources */,
				999ECC291EC6B0F6009C3E39 /* Frameworks */,
				999ECC2A1EC6B0F6009C3E39 /* Headers */,
				999ECC2B1EC6B0F6009C3E39 /* Resources */,
			);
			buildRules = (
			);
			dependencies = (
			);
			name = "Swift-ImGui-iOS";
			productName = "Swift-imgui";
			productReference = 999ECC2D1EC6B0F6009C3E39 /* ImGui.framework */;
			productType = "com.apple.product-type.framework";
		};
		999ECC4F1EC6B337009C3E39 /* Swift-ImGui-iOS Example */ = {
			isa = PBXNativeTarget;
			buildConfigurationList = 999ECC5F1EC6B337009C3E39 /* Build configuration list for PBXNativeTarget "Swift-ImGui-iOS Example" */;
			buildPhases = (
				999ECC4C1EC6B337009C3E39 /* Sources */,
				999ECC4D1EC6B337009C3E39 /* Frameworks */,
				999ECC4E1EC6B337009C3E39 /* Resources */,
				997E13CD1EC7713B00BB38AF /* Embed Frameworks */,
			);
			buildRules = (
			);
			dependencies = (
				999ECC631EC6B33E009C3E39 /* PBXTargetDependency */,
			);
			name = "Swift-ImGui-iOS Example";
			productName = "Swift-imgui-iOS Example";
			productReference = 999ECC501EC6B337009C3E39 /* Swift-ImGui-iOS Example.app */;
			productType = "com.apple.product-type.application";
		};
/* End PBXNativeTarget section */

/* Begin PBXProject section */
		999ECC241EC6B0F6009C3E39 /* Project object */ = {
			isa = PBXProject;
			attributes = {
				LastSwiftUpdateCheck = 1000;
				LastUpgradeCheck = 0940;
				ORGANIZATIONNAME = "Hiroaki Yamane";
				TargetAttributes = {
					994920B0211263B700D206BB = {
						CreatedOnToolsVersion = 10.0;
						DevelopmentTeam = GP3ES2Y53G;
						ProvisioningStyle = Automatic;
					};
					9965204D1FF380D7008E9CDC = {
						CreatedOnToolsVersion = 9.2;
						DevelopmentTeam = GP3ES2Y53G;
						ProvisioningStyle = Automatic;
					};
					997E13D81EC788FF00BB38AF = {
						CreatedOnToolsVersion = 8.3.2;
						DevelopmentTeam = GP3ES2Y53G;
						ProvisioningStyle = Automatic;
					};
					997E13EC1EC7893400BB38AF = {
						CreatedOnToolsVersion = 8.3.2;
						DevelopmentTeam = GP3ES2Y53G;
						LastSwiftMigration = 0940;
						ProvisioningStyle = Automatic;
					};
					999ECC2C1EC6B0F6009C3E39 = {
						CreatedOnToolsVersion = 8.3.2;
						DevelopmentTeam = GP3ES2Y53G;
						LastSwiftMigration = 1000;
						ProvisioningStyle = Automatic;
					};
					999ECC4F1EC6B337009C3E39 = {
						CreatedOnToolsVersion = 8.3.2;
						DevelopmentTeam = GP3ES2Y53G;
						LastSwiftMigration = 1000;
						ProvisioningStyle = Automatic;
					};
				};
			};
			buildConfigurationList = 999ECC271EC6B0F6009C3E39 /* Build configuration list for PBXProject "Swift-ImGui" */;
			compatibilityVersion = "Xcode 3.2";
			developmentRegion = English;
			hasScannedForEncodings = 0;
			knownRegions = (
				en,
				Base,
			);
			mainGroup = 999ECC231EC6B0F6009C3E39;
			productRefGroup = 999ECC2E1EC6B0F6009C3E39 /* Products */;
			projectDirPath = "";
			projectRoot = "";
			targets = (
				999ECC2C1EC6B0F6009C3E39 /* Swift-ImGui-iOS */,
				999ECC4F1EC6B337009C3E39 /* Swift-ImGui-iOS Example */,
				997E13D81EC788FF00BB38AF /* Swift-ImGui-macOS Example */,
				997E13EC1EC7893400BB38AF /* Swift-ImGui-macOS */,
				9965204D1FF380D7008E9CDC /* Swift-ImGui-SceneKit-iOS Example */,
				994920B0211263B700D206BB /* Swift-ImGui-ImGuiWindow-iOS Example */,
			);
		};
/* End PBXProject section */

/* Begin PBXResourcesBuildPhase section */
		994920AF211263B700D206BB /* Resources */ = {
			isa = PBXResourcesBuildPhase;
			buildActionMask = 2147483647;
			files = (
				994920BE211263BA00D206BB /* LaunchScreen.storyboard in Resources */,
				994920BB211263BA00D206BB /* Assets.xcassets in Resources */,
				994920B9211263B700D206BB /* Main.storyboard in Resources */,
			);
			runOnlyForDeploymentPostprocessing = 0;
		};
		9965204C1FF380D7008E9CDC /* Resources */ = {
			isa = PBXResourcesBuildPhase;
			buildActionMask = 2147483647;
			files = (
				996520671FF3866D008E9CDC /* SFMono-Regular.ttf in Resources */,
				996520531FF380D7008E9CDC /* art.scnassets in Resources */,
				9965205D1FF380D7008E9CDC /* LaunchScreen.storyboard in Resources */,
				9965205A1FF380D7008E9CDC /* Assets.xcassets in Resources */,
				996520581FF380D7008E9CDC /* Main.storyboard in Resources */,
			);
			runOnlyForDeploymentPostprocessing = 0;
		};
		997E13D71EC788FF00BB38AF /* Resources */ = {
			isa = PBXResourcesBuildPhase;
			buildActionMask = 2147483647;
			files = (
				997E13E01EC788FF00BB38AF /* Assets.xcassets in Resources */,
				997E13E31EC788FF00BB38AF /* Main.storyboard in Resources */,
			);
			runOnlyForDeploymentPostprocessing = 0;
		};
		997E13EB1EC7893400BB38AF /* Resources */ = {
			isa = PBXResourcesBuildPhase;
			buildActionMask = 2147483647;
			files = (
			);
			runOnlyForDeploymentPostprocessing = 0;
		};
		999ECC2B1EC6B0F6009C3E39 /* Resources */ = {
			isa = PBXResourcesBuildPhase;
			buildActionMask = 2147483647;
			files = (
			);
			runOnlyForDeploymentPostprocessing = 0;
		};
		999ECC4E1EC6B337009C3E39 /* Resources */ = {
			isa = PBXResourcesBuildPhase;
			buildActionMask = 2147483647;
			files = (
				999ECC5D1EC6B337009C3E39 /* LaunchScreen.storyboard in Resources */,
				999ECC5A1EC6B337009C3E39 /* Assets.xcassets in Resources */,
				999ECC581EC6B337009C3E39 /* Main.storyboard in Resources */,
				998E21471EC7EE400032272F /* SFMono-Regular.ttf in Resources */,
			);
			runOnlyForDeploymentPostprocessing = 0;
		};
/* End PBXResourcesBuildPhase section */

/* Begin PBXSourcesBuildPhase section */
		994920AD211263B700D206BB /* Sources */ = {
			isa = PBXSourcesBuildPhase;
			buildActionMask = 2147483647;
			files = (
				994920B6211263B700D206BB /* ViewController.swift in Sources */,
				994920B4211263B700D206BB /* AppDelegate.swift in Sources */,
			);
			runOnlyForDeploymentPostprocessing = 0;
		};
		9965204A1FF380D7008E9CDC /* Sources */ = {
			isa = PBXSourcesBuildPhase;
			buildActionMask = 2147483647;
			files = (
				996520551FF380D7008E9CDC /* GameViewController.swift in Sources */,
				996520511FF380D7008E9CDC /* AppDelegate.swift in Sources */,
			);
			runOnlyForDeploymentPostprocessing = 0;
		};
		997E13D51EC788FF00BB38AF /* Sources */ = {
			isa = PBXSourcesBuildPhase;
			buildActionMask = 2147483647;
			files = (
				997E13DE1EC788FF00BB38AF /* ViewController.swift in Sources */,
				997E13DC1EC788FF00BB38AF /* AppDelegate.swift in Sources */,
			);
			runOnlyForDeploymentPostprocessing = 0;
		};
		997E13E81EC7893400BB38AF /* Sources */ = {
			isa = PBXSourcesBuildPhase;
			buildActionMask = 2147483647;
			files = (
				997E14081EC789EC00BB38AF /* ImGuiViewControllerProtocol.swift in Sources */,
				997E14051EC789EC00BB38AF /* imgui_demo.cpp in Sources */,
				997E14061EC789EC00BB38AF /* imgui_draw.cpp in Sources */,
				997E14071EC789EC00BB38AF /* imgui.cpp in Sources */,
				997E14091EC789EC00BB38AF /* Aliases.swift in Sources */,
				997E140A1EC789EC00BB38AF /* ImGuiBase.swift in Sources */,
				997E140B1EC789EC00BB38AF /* ImGuiEnums.swift in Sources */,
				996E56291FF9C84A0036344C /* ImGuiSceneViewController.swift in Sources */,
				997E140C1EC789EC00BB38AF /* ImGuiIOBridge.m in Sources */,
				997E140D1EC789EC00BB38AF /* ImGuiStyleBridge.m in Sources */,
				997E140E1EC789EC00BB38AF /* ImGuiUtils.cpp in Sources */,
				997E140F1EC789EC00BB38AF /* ImGuiViewController.swift in Sources */,
				997E14111EC789EC00BB38AF /* ImGuiWrapperBase.mm in Sources */,
				997E14121EC789EC00BB38AF /* InputTextButton.swift in Sources */,
				997E14131EC789EC00BB38AF /* ImGuiMetal.swift in Sources */,
				997E14141EC789EC00BB38AF /* ImGuiMTKViewController.swift in Sources */,
				997E14151EC789EC00BB38AF /* ImGuiWrapperMetal.mm in Sources */,
				997E14191EC789EC00BB38AF /* ImGui.swift in Sources */,
				997E141A1EC789EC00BB38AF /* uSynergy.c in Sources */,
			);
			runOnlyForDeploymentPostprocessing = 0;
		};
		999ECC281EC6B0F6009C3E39 /* Sources */ = {
			isa = PBXSourcesBuildPhase;
			buildActionMask = 2147483647;
			files = (
				9901A3EE1F739136002ADD8D /* ImGuiWindow.swift in Sources */,
				997E13D41EC7867500BB38AF /* ImGuiViewControllerProtocol.swift in Sources */,
				997E13D01EC7844200BB38AF /* ImGui.swift in Sources */,
				999ECC971EC6B423009C3E39 /* ImGuiOpenGL.swift in Sources */,
				999ECC851EC6B423009C3E39 /* ImGuiEnums.swift in Sources */,
				999ECDB71EC6BC71009C3E39 /* imgui_demo.cpp in Sources */,
				999ECDB81EC6BC71009C3E39 /* imgui_draw.cpp in Sources */,
				999ECC831EC6B423009C3E39 /* Aliases.swift in Sources */,
				996E56281FF9C82D0036344C /* ImGuiSceneViewController.swift in Sources */,
				999ECC871EC6B423009C3E39 /* ImGuiIOBridge.m in Sources */,
				999ECC921EC6B423009C3E39 /* ImGuiMetal.swift in Sources */,
				999ECC671EC6B41C009C3E39 /* uSynergy.c in Sources */,
				999ECC8B1EC6B423009C3E39 /* ImGuiUtils.cpp in Sources */,
				999ECC841EC6B423009C3E39 /* ImGuiBase.swift in Sources */,
				999ECC8A1EC6B423009C3E39 /* ImGuiStyleBridge.m in Sources */,
				999ECC8D1EC6B423009C3E39 /* ImGuiViewController.swift in Sources */,
				999ECC911EC6B423009C3E39 /* InputTextButton.swift in Sources */,
				999ECDBA1EC6BC71009C3E39 /* imgui.cpp in Sources */,
				999ECC961EC6B423009C3E39 /* ImGuiGLKViewController.swift in Sources */,
				999ECC931EC6B423009C3E39 /* ImGuiMTKViewController.swift in Sources */,
				999ECC901EC6B423009C3E39 /* ImGuiWrapperBase.mm in Sources */,
				999ECC951EC6B423009C3E39 /* ImGuiWrapperMetal.mm in Sources */,
				999ECC991EC6B423009C3E39 /* ImGuiWrapperOpenGLES2.mm in Sources */,
			);
			runOnlyForDeploymentPostprocessing = 0;
		};
		999ECC4C1EC6B337009C3E39 /* Sources */ = {
			isa = PBXSourcesBuildPhase;
			buildActionMask = 2147483647;
			files = (
				999ECC551EC6B337009C3E39 /* ViewController.swift in Sources */,
				999ECC531EC6B337009C3E39 /* AppDelegate.swift in Sources */,
			);
			runOnlyForDeploymentPostprocessing = 0;
		};
/* End PBXSourcesBuildPhase section */

/* Begin PBXTargetDependency section */
		994920C42112646C00D206BB /* PBXTargetDependency */ = {
			isa = PBXTargetDependency;
			target = 999ECC2C1EC6B0F6009C3E39 /* Swift-ImGui-iOS */;
			targetProxy = 994920C32112646C00D206BB /* PBXContainerItemProxy */;
		};
		996520631FF380E7008E9CDC /* PBXTargetDependency */ = {
			isa = PBXTargetDependency;
			target = 999ECC2C1EC6B0F6009C3E39 /* Swift-ImGui-iOS */;
			targetProxy = 996520621FF380E7008E9CDC /* PBXContainerItemProxy */;
		};
		997E13F31EC7893400BB38AF /* PBXTargetDependency */ = {
			isa = PBXTargetDependency;
			target = 997E13EC1EC7893400BB38AF /* Swift-ImGui-macOS */;
			targetProxy = 997E13F21EC7893400BB38AF /* PBXContainerItemProxy */;
		};
		999ECC631EC6B33E009C3E39 /* PBXTargetDependency */ = {
			isa = PBXTargetDependency;
			target = 999ECC2C1EC6B0F6009C3E39 /* Swift-ImGui-iOS */;
			targetProxy = 999ECC621EC6B33E009C3E39 /* PBXContainerItemProxy */;
		};
/* End PBXTargetDependency section */

/* Begin PBXVariantGroup section */
		994920B7211263B700D206BB /* Main.storyboard */ = {
			isa = PBXVariantGroup;
			children = (
				994920B8211263B700D206BB /* Base */,
			);
			name = Main.storyboard;
			sourceTree = "<group>";
		};
		994920BC211263BA00D206BB /* LaunchScreen.storyboard */ = {
			isa = PBXVariantGroup;
			children = (
				994920BD211263BA00D206BB /* Base */,
			);
			name = LaunchScreen.storyboard;
			sourceTree = "<group>";
		};
		996520561FF380D7008E9CDC /* Main.storyboard */ = {
			isa = PBXVariantGroup;
			children = (
				996520571FF380D7008E9CDC /* Base */,
			);
			name = Main.storyboard;
			sourceTree = "<group>";
		};
		9965205B1FF380D7008E9CDC /* LaunchScreen.storyboard */ = {
			isa = PBXVariantGroup;
			children = (
				9965205C1FF380D7008E9CDC /* Base */,
			);
			name = LaunchScreen.storyboard;
			sourceTree = "<group>";
		};
		997E13E11EC788FF00BB38AF /* Main.storyboard */ = {
			isa = PBXVariantGroup;
			children = (
				997E13E21EC788FF00BB38AF /* Base */,
			);
			name = Main.storyboard;
			sourceTree = "<group>";
		};
		999ECC561EC6B337009C3E39 /* Main.storyboard */ = {
			isa = PBXVariantGroup;
			children = (
				999ECC571EC6B337009C3E39 /* Base */,
			);
			name = Main.storyboard;
			sourceTree = "<group>";
		};
		999ECC5B1EC6B337009C3E39 /* LaunchScreen.storyboard */ = {
			isa = PBXVariantGroup;
			children = (
				999ECC5C1EC6B337009C3E39 /* Base */,
			);
			name = LaunchScreen.storyboard;
			sourceTree = "<group>";
		};
/* End PBXVariantGroup section */

/* Begin XCBuildConfiguration section */
		994920C0211263BA00D206BB /* Debug */ = {
			isa = XCBuildConfiguration;
			buildSettings = {
				ALWAYS_EMBED_SWIFT_STANDARD_LIBRARIES = YES;
				ASSETCATALOG_COMPILER_APPICON_NAME = AppIcon;
				CLANG_CXX_LANGUAGE_STANDARD = "gnu++14";
				CLANG_ENABLE_OBJC_WEAK = YES;
				CLANG_WARN_UNGUARDED_AVAILABILITY = YES_AGGRESSIVE;
				CODE_SIGN_IDENTITY = "iPhone Developer";
				CODE_SIGN_STYLE = Automatic;
				DEVELOPMENT_TEAM = GP3ES2Y53G;
				GCC_C_LANGUAGE_STANDARD = gnu11;
				INFOPLIST_FILE = "Swift-ImGui-ImGuiWindow-iOS Example/Info.plist";
				IPHONEOS_DEPLOYMENT_TARGET = 12.0;
				LD_RUNPATH_SEARCH_PATHS = "$(inherited) @executable_path/Frameworks";
				MTL_ENABLE_DEBUG_INFO = INCLUDE_SOURCE;
				MTL_FAST_MATH = YES;
				PRODUCT_BUNDLE_IDENTIFIER = "com.mnmly.Swift-ImGui-ImGuiWindow-iOS-Example";
				PRODUCT_NAME = "$(TARGET_NAME)";
				SWIFT_VERSION = 4.2;
				TARGETED_DEVICE_FAMILY = "1,2";
			};
			name = Debug;
		};
		994920C1211263BA00D206BB /* Release */ = {
			isa = XCBuildConfiguration;
			buildSettings = {
				ALWAYS_EMBED_SWIFT_STANDARD_LIBRARIES = YES;
				ASSETCATALOG_COMPILER_APPICON_NAME = AppIcon;
				CLANG_CXX_LANGUAGE_STANDARD = "gnu++14";
				CLANG_ENABLE_OBJC_WEAK = YES;
				CLANG_WARN_UNGUARDED_AVAILABILITY = YES_AGGRESSIVE;
				CODE_SIGN_IDENTITY = "iPhone Developer";
				CODE_SIGN_STYLE = Automatic;
				DEVELOPMENT_TEAM = GP3ES2Y53G;
				GCC_C_LANGUAGE_STANDARD = gnu11;
				INFOPLIST_FILE = "Swift-ImGui-ImGuiWindow-iOS Example/Info.plist";
				IPHONEOS_DEPLOYMENT_TARGET = 12.0;
				LD_RUNPATH_SEARCH_PATHS = "$(inherited) @executable_path/Frameworks";
				MTL_FAST_MATH = YES;
				PRODUCT_BUNDLE_IDENTIFIER = "com.mnmly.Swift-ImGui-ImGuiWindow-iOS-Example";
				PRODUCT_NAME = "$(TARGET_NAME)";
				SWIFT_VERSION = 4.2;
				TARGETED_DEVICE_FAMILY = "1,2";
			};
			name = Release;
		};
		9965205F1FF380D7008E9CDC /* Debug */ = {
			isa = XCBuildConfiguration;
			buildSettings = {
				ALWAYS_EMBED_SWIFT_STANDARD_LIBRARIES = YES;
				ASSETCATALOG_COMPILER_APPICON_NAME = AppIcon;
				CLANG_CXX_LANGUAGE_STANDARD = "gnu++14";
				CLANG_WARN_UNGUARDED_AVAILABILITY = YES_AGGRESSIVE;
				CODE_SIGN_IDENTITY = "iPhone Developer";
				CODE_SIGN_STYLE = Automatic;
				DEVELOPMENT_TEAM = GP3ES2Y53G;
				GCC_C_LANGUAGE_STANDARD = gnu11;
				INFOPLIST_FILE = "Swift-ImGui-SceneKit-iOS Example/Info.plist";
				IPHONEOS_DEPLOYMENT_TARGET = 11.2;
				LD_RUNPATH_SEARCH_PATHS = "$(inherited) @executable_path/Frameworks";
				PRODUCT_BUNDLE_IDENTIFIER = "com.mnmly.Swift-ImGui-SceneKit-iOS-Example";
				PRODUCT_NAME = "$(TARGET_NAME)";
				SWIFT_VERSION = 4.0;
				TARGETED_DEVICE_FAMILY = "1,2";
			};
			name = Debug;
		};
		996520601FF380D7008E9CDC /* Release */ = {
			isa = XCBuildConfiguration;
			buildSettings = {
				ALWAYS_EMBED_SWIFT_STANDARD_LIBRARIES = YES;
				ASSETCATALOG_COMPILER_APPICON_NAME = AppIcon;
				CLANG_CXX_LANGUAGE_STANDARD = "gnu++14";
				CLANG_WARN_UNGUARDED_AVAILABILITY = YES_AGGRESSIVE;
				CODE_SIGN_IDENTITY = "iPhone Developer";
				CODE_SIGN_STYLE = Automatic;
				DEVELOPMENT_TEAM = GP3ES2Y53G;
				GCC_C_LANGUAGE_STANDARD = gnu11;
				INFOPLIST_FILE = "Swift-ImGui-SceneKit-iOS Example/Info.plist";
				IPHONEOS_DEPLOYMENT_TARGET = 11.2;
				LD_RUNPATH_SEARCH_PATHS = "$(inherited) @executable_path/Frameworks";
				PRODUCT_BUNDLE_IDENTIFIER = "com.mnmly.Swift-ImGui-SceneKit-iOS-Example";
				PRODUCT_NAME = "$(TARGET_NAME)";
				SWIFT_VERSION = 4.0;
				TARGETED_DEVICE_FAMILY = "1,2";
			};
			name = Release;
		};
		997E13E61EC788FF00BB38AF /* Debug */ = {
			isa = XCBuildConfiguration;
			buildSettings = {
				ALWAYS_EMBED_SWIFT_STANDARD_LIBRARIES = YES;
				ASSETCATALOG_COMPILER_APPICON_NAME = AppIcon;
				CODE_SIGN_IDENTITY = "-";
				COMBINE_HIDPI_IMAGES = YES;
				DEVELOPMENT_TEAM = GP3ES2Y53G;
				INFOPLIST_FILE = "Swift-ImGui-macOS Example/Info.plist";
				LD_RUNPATH_SEARCH_PATHS = "$(inherited) @executable_path/../Frameworks";
				MACOSX_DEPLOYMENT_TARGET = 10.12;
				PRODUCT_BUNDLE_IDENTIFIER = "com.mnmly.Swift-ImGui-macOS-Example";
				PRODUCT_NAME = "$(TARGET_NAME)";
				SDKROOT = macosx;
				SWIFT_VERSION = 3.0;
			};
			name = Debug;
		};
		997E13E71EC788FF00BB38AF /* Release */ = {
			isa = XCBuildConfiguration;
			buildSettings = {
				ALWAYS_EMBED_SWIFT_STANDARD_LIBRARIES = YES;
				ASSETCATALOG_COMPILER_APPICON_NAME = AppIcon;
				CODE_SIGN_IDENTITY = "-";
				COMBINE_HIDPI_IMAGES = YES;
				DEVELOPMENT_TEAM = GP3ES2Y53G;
				INFOPLIST_FILE = "Swift-ImGui-macOS Example/Info.plist";
				LD_RUNPATH_SEARCH_PATHS = "$(inherited) @executable_path/../Frameworks";
				MACOSX_DEPLOYMENT_TARGET = 10.12;
				PRODUCT_BUNDLE_IDENTIFIER = "com.mnmly.Swift-ImGui-macOS-Example";
				PRODUCT_NAME = "$(TARGET_NAME)";
				SDKROOT = macosx;
				SWIFT_VERSION = 3.0;
			};
			name = Release;
		};
		997E13F71EC7893400BB38AF /* Debug */ = {
			isa = XCBuildConfiguration;
			buildSettings = {
				ALWAYS_EMBED_SWIFT_STANDARD_LIBRARIES = NO;
				CODE_SIGN_IDENTITY = "-";
				COMBINE_HIDPI_IMAGES = YES;
				DEFINES_MODULE = YES;
				DEVELOPMENT_TEAM = GP3ES2Y53G;
				DYLIB_COMPATIBILITY_VERSION = 1;
				DYLIB_CURRENT_VERSION = 1;
				DYLIB_INSTALL_NAME_BASE = "@rpath";
				FRAMEWORK_VERSION = A;
				GCC_PREFIX_HEADER = "Sources/Swift-ImGui-PrefixHeader.pch";
				HEADER_SEARCH_PATHS = Sources;
				INFOPLIST_FILE = "Sources/Info-macOS.plist";
				INSTALL_PATH = "$(LOCAL_LIBRARY_DIR)/Frameworks";
				LD_RUNPATH_SEARCH_PATHS = "$(inherited) @executable_path/../Frameworks @loader_path/Frameworks";
				MACOSX_DEPLOYMENT_TARGET = 10.12;
				PRODUCT_BUNDLE_IDENTIFIER = "com.mnmly.Swift-ImGui-macOS";
				PRODUCT_NAME = ImGui;
				SDKROOT = macosx;
				SKIP_INSTALL = YES;
				SWIFT_SWIFT3_OBJC_INFERENCE = On;
				SWIFT_VERSION = 4.0;
			};
			name = Debug;
		};
		997E13F81EC7893400BB38AF /* Release */ = {
			isa = XCBuildConfiguration;
			buildSettings = {
				ALWAYS_EMBED_SWIFT_STANDARD_LIBRARIES = NO;
				CODE_SIGN_IDENTITY = "-";
				COMBINE_HIDPI_IMAGES = YES;
				DEFINES_MODULE = YES;
				DEVELOPMENT_TEAM = GP3ES2Y53G;
				DYLIB_COMPATIBILITY_VERSION = 1;
				DYLIB_CURRENT_VERSION = 1;
				DYLIB_INSTALL_NAME_BASE = "@rpath";
				FRAMEWORK_VERSION = A;
				GCC_PREFIX_HEADER = "Sources/Swift-ImGui-PrefixHeader.pch";
				HEADER_SEARCH_PATHS = Sources;
				INFOPLIST_FILE = "Sources/Info-macOS.plist";
				INSTALL_PATH = "$(LOCAL_LIBRARY_DIR)/Frameworks";
				LD_RUNPATH_SEARCH_PATHS = "$(inherited) @executable_path/../Frameworks @loader_path/Frameworks";
				MACOSX_DEPLOYMENT_TARGET = 10.12;
				PRODUCT_BUNDLE_IDENTIFIER = "com.mnmly.Swift-ImGui-macOS";
				PRODUCT_NAME = ImGui;
				SDKROOT = macosx;
				SKIP_INSTALL = YES;
				SWIFT_SWIFT3_OBJC_INFERENCE = On;
				SWIFT_VERSION = 4.0;
			};
			name = Release;
		};
		999ECC331EC6B0F6009C3E39 /* Debug */ = {
			isa = XCBuildConfiguration;
			buildSettings = {
				ALWAYS_SEARCH_USER_PATHS = NO;
				CLANG_ANALYZER_NONNULL = YES;
				CLANG_ANALYZER_NUMBER_OBJECT_CONVERSION = YES_AGGRESSIVE;
				CLANG_CXX_LANGUAGE_STANDARD = "gnu++0x";
				CLANG_CXX_LIBRARY = "libc++";
				CLANG_ENABLE_MODULES = YES;
				CLANG_ENABLE_OBJC_ARC = YES;
				CLANG_WARN_BLOCK_CAPTURE_AUTORELEASING = YES;
				CLANG_WARN_BOOL_CONVERSION = YES;
				CLANG_WARN_COMMA = YES;
				CLANG_WARN_CONSTANT_CONVERSION = YES;
				CLANG_WARN_DEPRECATED_OBJC_IMPLEMENTATIONS = YES;
				CLANG_WARN_DIRECT_OBJC_ISA_USAGE = YES_ERROR;
				CLANG_WARN_DOCUMENTATION_COMMENTS = YES;
				CLANG_WARN_EMPTY_BODY = YES;
				CLANG_WARN_ENUM_CONVERSION = YES;
				CLANG_WARN_INFINITE_RECURSION = YES;
				CLANG_WARN_INT_CONVERSION = YES;
				CLANG_WARN_NON_LITERAL_NULL_CONVERSION = YES;
				CLANG_WARN_OBJC_IMPLICIT_RETAIN_SELF = YES;
				CLANG_WARN_OBJC_LITERAL_CONVERSION = YES;
				CLANG_WARN_OBJC_ROOT_CLASS = YES_ERROR;
				CLANG_WARN_RANGE_LOOP_ANALYSIS = YES;
				CLANG_WARN_STRICT_PROTOTYPES = YES;
				CLANG_WARN_SUSPICIOUS_MOVE = YES;
				CLANG_WARN_UNREACHABLE_CODE = YES;
				CLANG_WARN__DUPLICATE_METHOD_MATCH = YES;
				"CODE_SIGN_IDENTITY[sdk=iphoneos*]" = "iPhone Developer";
				COPY_PHASE_STRIP = NO;
				CURRENT_PROJECT_VERSION = 1;
				DEBUG_INFORMATION_FORMAT = dwarf;
				ENABLE_STRICT_OBJC_MSGSEND = YES;
				ENABLE_TESTABILITY = YES;
				GCC_C_LANGUAGE_STANDARD = gnu99;
				GCC_DYNAMIC_NO_PIC = NO;
				GCC_NO_COMMON_BLOCKS = YES;
				GCC_OPTIMIZATION_LEVEL = 0;
				GCC_PREPROCESSOR_DEFINITIONS = (
					"DEBUG=1",
					"$(inherited)",
				);
				GCC_WARN_64_TO_32_BIT_CONVERSION = YES;
				GCC_WARN_ABOUT_RETURN_TYPE = YES_ERROR;
				GCC_WARN_UNDECLARED_SELECTOR = YES;
				GCC_WARN_UNINITIALIZED_AUTOS = YES_AGGRESSIVE;
				GCC_WARN_UNUSED_FUNCTION = YES;
				GCC_WARN_UNUSED_VARIABLE = YES;
				IPHONEOS_DEPLOYMENT_TARGET = 10.3;
				MTL_ENABLE_DEBUG_INFO = YES;
				ONLY_ACTIVE_ARCH = YES;
				SDKROOT = iphoneos;
				SWIFT_ACTIVE_COMPILATION_CONDITIONS = DEBUG;
				SWIFT_OPTIMIZATION_LEVEL = "-Onone";
				TARGETED_DEVICE_FAMILY = "1,2";
				VERSIONING_SYSTEM = "apple-generic";
				VERSION_INFO_PREFIX = "";
			};
			name = Debug;
		};
		999ECC341EC6B0F6009C3E39 /* Release */ = {
			isa = XCBuildConfiguration;
			buildSettings = {
				ALWAYS_SEARCH_USER_PATHS = NO;
				CLANG_ANALYZER_NONNULL = YES;
				CLANG_ANALYZER_NUMBER_OBJECT_CONVERSION = YES_AGGRESSIVE;
				CLANG_CXX_LANGUAGE_STANDARD = "gnu++0x";
				CLANG_CXX_LIBRARY = "libc++";
				CLANG_ENABLE_MODULES = YES;
				CLANG_ENABLE_OBJC_ARC = YES;
				CLANG_WARN_BLOCK_CAPTURE_AUTORELEASING = YES;
				CLANG_WARN_BOOL_CONVERSION = YES;
				CLANG_WARN_COMMA = YES;
				CLANG_WARN_CONSTANT_CONVERSION = YES;
				CLANG_WARN_DEPRECATED_OBJC_IMPLEMENTATIONS = YES;
				CLANG_WARN_DIRECT_OBJC_ISA_USAGE = YES_ERROR;
				CLANG_WARN_DOCUMENTATION_COMMENTS = YES;
				CLANG_WARN_EMPTY_BODY = YES;
				CLANG_WARN_ENUM_CONVERSION = YES;
				CLANG_WARN_INFINITE_RECURSION = YES;
				CLANG_WARN_INT_CONVERSION = YES;
				CLANG_WARN_NON_LITERAL_NULL_CONVERSION = YES;
				CLANG_WARN_OBJC_IMPLICIT_RETAIN_SELF = YES;
				CLANG_WARN_OBJC_LITERAL_CONVERSION = YES;
				CLANG_WARN_OBJC_ROOT_CLASS = YES_ERROR;
				CLANG_WARN_RANGE_LOOP_ANALYSIS = YES;
				CLANG_WARN_STRICT_PROTOTYPES = YES;
				CLANG_WARN_SUSPICIOUS_MOVE = YES;
				CLANG_WARN_UNREACHABLE_CODE = YES;
				CLANG_WARN__DUPLICATE_METHOD_MATCH = YES;
				"CODE_SIGN_IDENTITY[sdk=iphoneos*]" = "iPhone Developer";
				COPY_PHASE_STRIP = NO;
				CURRENT_PROJECT_VERSION = 1;
				DEBUG_INFORMATION_FORMAT = "dwarf-with-dsym";
				ENABLE_NS_ASSERTIONS = NO;
				ENABLE_STRICT_OBJC_MSGSEND = YES;
				GCC_C_LANGUAGE_STANDARD = gnu99;
				GCC_NO_COMMON_BLOCKS = YES;
				GCC_WARN_64_TO_32_BIT_CONVERSION = YES;
				GCC_WARN_ABOUT_RETURN_TYPE = YES_ERROR;
				GCC_WARN_UNDECLARED_SELECTOR = YES;
				GCC_WARN_UNINITIALIZED_AUTOS = YES_AGGRESSIVE;
				GCC_WARN_UNUSED_FUNCTION = YES;
				GCC_WARN_UNUSED_VARIABLE = YES;
				IPHONEOS_DEPLOYMENT_TARGET = 10.3;
				MTL_ENABLE_DEBUG_INFO = NO;
				SDKROOT = iphoneos;
				SWIFT_OPTIMIZATION_LEVEL = "-Owholemodule";
				TARGETED_DEVICE_FAMILY = "1,2";
				VALIDATE_PRODUCT = YES;
				VERSIONING_SYSTEM = "apple-generic";
				VERSION_INFO_PREFIX = "";
			};
			name = Release;
		};
		999ECC361EC6B0F6009C3E39 /* Debug */ = {
			isa = XCBuildConfiguration;
			buildSettings = {
				ALWAYS_EMBED_SWIFT_STANDARD_LIBRARIES = NO;
				CODE_SIGN_IDENTITY = "iPhone Developer";
				"CODE_SIGN_IDENTITY[sdk=iphoneos*]" = "";
				DEBUG_INFORMATION_FORMAT = "dwarf-with-dsym";
				DEFINES_MODULE = YES;
				DEVELOPMENT_TEAM = GP3ES2Y53G;
				DYLIB_COMPATIBILITY_VERSION = 1;
				DYLIB_CURRENT_VERSION = 1;
				DYLIB_INSTALL_NAME_BASE = "@rpath";
				GCC_PREFIX_HEADER = "Sources/Swift-ImGui-PrefixHeader.pch";
				HEADER_SEARCH_PATHS = Sources;
				INFOPLIST_FILE = "Sources/Info-iOS.plist";
				INSTALL_PATH = "$(LOCAL_LIBRARY_DIR)/Frameworks";
				IPHONEOS_DEPLOYMENT_TARGET = 10.0;
				LD_RUNPATH_SEARCH_PATHS = "$(inherited) @executable_path/Frameworks @loader_path/Frameworks";
				LIBRARY_SEARCH_PATHS = (
					"$(inherited)",
					"$(PROJECT_DIR)/Sources/imgui/examples/libs/glfw/lib-vc2010-32",
					"$(PROJECT_DIR)/Sources/imgui/examples/libs/glfw/lib-vc2010-64",
				);
				PRODUCT_BUNDLE_IDENTIFIER = "com.mnmly.Swift-ImGui";
				PRODUCT_NAME = ImGui;
				SKIP_INSTALL = YES;
				SWIFT_OBJC_BRIDGING_HEADER = "";
				SWIFT_SWIFT3_OBJC_INFERENCE = On;
				SWIFT_VERSION = 4.2;
			};
			name = Debug;
		};
		999ECC371EC6B0F6009C3E39 /* Release */ = {
			isa = XCBuildConfiguration;
			buildSettings = {
				ALWAYS_EMBED_SWIFT_STANDARD_LIBRARIES = NO;
				CODE_SIGN_IDENTITY = "iPhone Developer";
				"CODE_SIGN_IDENTITY[sdk=iphoneos*]" = "";
				DEFINES_MODULE = YES;
				DEVELOPMENT_TEAM = GP3ES2Y53G;
				DYLIB_COMPATIBILITY_VERSION = 1;
				DYLIB_CURRENT_VERSION = 1;
				DYLIB_INSTALL_NAME_BASE = "@rpath";
				GCC_PREFIX_HEADER = "Sources/Swift-ImGui-PrefixHeader.pch";
				HEADER_SEARCH_PATHS = Sources;
				INFOPLIST_FILE = "Sources/Info-iOS.plist";
				INSTALL_PATH = "$(LOCAL_LIBRARY_DIR)/Frameworks";
				IPHONEOS_DEPLOYMENT_TARGET = 10.0;
				LD_RUNPATH_SEARCH_PATHS = "$(inherited) @executable_path/Frameworks @loader_path/Frameworks";
				LIBRARY_SEARCH_PATHS = (
					"$(inherited)",
					"$(PROJECT_DIR)/Sources/imgui/examples/libs/glfw/lib-vc2010-32",
					"$(PROJECT_DIR)/Sources/imgui/examples/libs/glfw/lib-vc2010-64",
				);
				PRODUCT_BUNDLE_IDENTIFIER = "com.mnmly.Swift-ImGui";
				PRODUCT_NAME = ImGui;
				SKIP_INSTALL = YES;
				SWIFT_OBJC_BRIDGING_HEADER = "";
				SWIFT_SWIFT3_OBJC_INFERENCE = On;
				SWIFT_VERSION = 4.2;
			};
			name = Release;
		};
		999ECC601EC6B337009C3E39 /* Debug */ = {
			isa = XCBuildConfiguration;
			buildSettings = {
				ALWAYS_EMBED_SWIFT_STANDARD_LIBRARIES = YES;
				ASSETCATALOG_COMPILER_APPICON_NAME = AppIcon;
				DEVELOPMENT_TEAM = GP3ES2Y53G;
				INFOPLIST_FILE = "Swift-ImGui-iOS Example/Info.plist";
				LD_RUNPATH_SEARCH_PATHS = "$(inherited) @executable_path/Frameworks";
				PRODUCT_BUNDLE_IDENTIFIER = "com.mnmly.Swift-ImGui-iOS-Example";
				PRODUCT_NAME = "$(TARGET_NAME)";
				SWIFT_SWIFT3_OBJC_INFERENCE = On;
				SWIFT_VERSION = 4.2;
			};
			name = Debug;
		};
		999ECC611EC6B337009C3E39 /* Release */ = {
			isa = XCBuildConfiguration;
			buildSettings = {
				ALWAYS_EMBED_SWIFT_STANDARD_LIBRARIES = YES;
				ASSETCATALOG_COMPILER_APPICON_NAME = AppIcon;
				DEVELOPMENT_TEAM = GP3ES2Y53G;
				INFOPLIST_FILE = "Swift-ImGui-iOS Example/Info.plist";
				LD_RUNPATH_SEARCH_PATHS = "$(inherited) @executable_path/Frameworks";
				PRODUCT_BUNDLE_IDENTIFIER = "com.mnmly.Swift-ImGui-iOS-Example";
				PRODUCT_NAME = "$(TARGET_NAME)";
				SWIFT_SWIFT3_OBJC_INFERENCE = On;
				SWIFT_VERSION = 4.2;
			};
			name = Release;
		};
/* End XCBuildConfiguration section */

/* Begin XCConfigurationList section */
		994920C2211263BA00D206BB /* Build configuration list for PBXNativeTarget "Swift-ImGui-ImGuiWindow-iOS Example" */ = {
			isa = XCConfigurationList;
			buildConfigurations = (
				994920C0211263BA00D206BB /* Debug */,
				994920C1211263BA00D206BB /* Release */,
			);
			defaultConfigurationIsVisible = 0;
			defaultConfigurationName = Release;
		};
		996520611FF380D7008E9CDC /* Build configuration list for PBXNativeTarget "Swift-ImGui-SceneKit-iOS Example" */ = {
			isa = XCConfigurationList;
			buildConfigurations = (
				9965205F1FF380D7008E9CDC /* Debug */,
				996520601FF380D7008E9CDC /* Release */,
			);
			defaultConfigurationIsVisible = 0;
			defaultConfigurationName = Release;
		};
		997E13E51EC788FF00BB38AF /* Build configuration list for PBXNativeTarget "Swift-ImGui-macOS Example" */ = {
			isa = XCConfigurationList;
			buildConfigurations = (
				997E13E61EC788FF00BB38AF /* Debug */,
				997E13E71EC788FF00BB38AF /* Release */,
			);
			defaultConfigurationIsVisible = 0;
			defaultConfigurationName = Release;
		};
		997E13F61EC7893400BB38AF /* Build configuration list for PBXNativeTarget "Swift-ImGui-macOS" */ = {
			isa = XCConfigurationList;
			buildConfigurations = (
				997E13F71EC7893400BB38AF /* Debug */,
				997E13F81EC7893400BB38AF /* Release */,
			);
			defaultConfigurationIsVisible = 0;
			defaultConfigurationName = Release;
		};
		999ECC271EC6B0F6009C3E39 /* Build configuration list for PBXProject "Swift-ImGui" */ = {
			isa = XCConfigurationList;
			buildConfigurations = (
				999ECC331EC6B0F6009C3E39 /* Debug */,
				999ECC341EC6B0F6009C3E39 /* Release */,
			);
			defaultConfigurationIsVisible = 0;
			defaultConfigurationName = Release;
		};
		999ECC351EC6B0F6009C3E39 /* Build configuration list for PBXNativeTarget "Swift-ImGui-iOS" */ = {
			isa = XCConfigurationList;
			buildConfigurations = (
				999ECC361EC6B0F6009C3E39 /* Debug */,
				999ECC371EC6B0F6009C3E39 /* Release */,
			);
			defaultConfigurationIsVisible = 0;
			defaultConfigurationName = Release;
		};
		999ECC5F1EC6B337009C3E39 /* Build configuration list for PBXNativeTarget "Swift-ImGui-iOS Example" */ = {
			isa = XCConfigurationList;
			buildConfigurations = (
				999ECC601EC6B337009C3E39 /* Debug */,
				999ECC611EC6B337009C3E39 /* Release */,
			);
			defaultConfigurationIsVisible = 0;
			defaultConfigurationName = Release;
		};
/* End XCConfigurationList section */
	};
	rootObject = 999ECC241EC6B0F6009C3E39 /* Project object */;
}
